// !$*UTF8*$!
{
	archiveVersion = 1;
	classes = {
	};
	objectVersion = 56;
	objects = {

/* Begin PBXBuildFile section */
		4D1895532A6BB95600F3570A /* TripSearchView.swift in Sources */ = {isa = PBXBuildFile; fileRef = 4D1895522A6BB95600F3570A /* TripSearchView.swift */; };
		4D1895552A6BB96500F3570A /* StopSelectionView.swift in Sources */ = {isa = PBXBuildFile; fileRef = 4D1895542A6BB96500F3570A /* StopSelectionView.swift */; };
		4D1895572A6BB96D00F3570A /* TripResultsView.swift in Sources */ = {isa = PBXBuildFile; fileRef = 4D1895562A6BB96D00F3570A /* TripResultsView.swift */; };
		4D1895592A6BB97200F3570A /* TripDetailsView.swift in Sources */ = {isa = PBXBuildFile; fileRef = 4D1895582A6BB97200F3570A /* TripDetailsView.swift */; };
		4D18955B2A6BB9C600F3570A /* AppModel.swift in Sources */ = {isa = PBXBuildFile; fileRef = 4D18955A2A6BB9C600F3570A /* AppModel.swift */; };
		4D2D915B2A6EC3DB005F18CB /* Localizable.xcstrings in Resources */ = {isa = PBXBuildFile; fileRef = 4D2D915A2A6EC3DB005F18CB /* Localizable.xcstrings */; };
		4D2D91662A6F4724005F18CB /* TechnicalMessage.swift in Sources */ = {isa = PBXBuildFile; fileRef = 4D2D915F2A6F4724005F18CB /* TechnicalMessage.swift */; };
		4D2D91672A6F4724005F18CB /* StopLocation.swift in Sources */ = {isa = PBXBuildFile; fileRef = 4D2D91602A6F4724005F18CB /* StopLocation.swift */; };
		4D2D91682A6F4724005F18CB /* StopLocationOrCoordLocation.swift in Sources */ = {isa = PBXBuildFile; fileRef = 4D2D91612A6F4724005F18CB /* StopLocationOrCoordLocation.swift */; };
		4D2D91692A6F4724005F18CB /* Icon.swift in Sources */ = {isa = PBXBuildFile; fileRef = 4D2D91622A6F4724005F18CB /* Icon.swift */; };
		4D2D916A2A6F4724005F18CB /* ProductAtStop.swift in Sources */ = {isa = PBXBuildFile; fileRef = 4D2D91632A6F4724005F18CB /* ProductAtStop.swift */; };
		4D2D916B2A6F4724005F18CB /* TechnicalMessages.swift in Sources */ = {isa = PBXBuildFile; fileRef = 4D2D91642A6F4724005F18CB /* TechnicalMessages.swift */; };
		4D2D916C2A6F4724005F18CB /* StopResponse.swift in Sources */ = {isa = PBXBuildFile; fileRef = 4D2D91652A6F4724005F18CB /* StopResponse.swift */; };
		4D2D917C2A6F4732005F18CB /* Product.swift in Sources */ = {isa = PBXBuildFile; fileRef = 4D2D916D2A6F4731005F18CB /* Product.swift */; };
		4D2D917D2A6F4732005F18CB /* ResultStatus.swift in Sources */ = {isa = PBXBuildFile; fileRef = 4D2D916E2A6F4731005F18CB /* ResultStatus.swift */; };
		4D2D917E2A6F4732005F18CB /* Origin.swift in Sources */ = {isa = PBXBuildFile; fileRef = 4D2D916F2A6F4731005F18CB /* Origin.swift */; };
		4D2D917F2A6F4732005F18CB /* LegList.swift in Sources */ = {isa = PBXBuildFile; fileRef = 4D2D91702A6F4731005F18CB /* LegList.swift */; };
		4D2D91812A6F4732005F18CB /* Destination.swift in Sources */ = {isa = PBXBuildFile; fileRef = 4D2D91722A6F4731005F18CB /* Destination.swift */; };
		4D2D91832A6F4732005F18CB /* GisRoute.swift in Sources */ = {isa = PBXBuildFile; fileRef = 4D2D91742A6F4731005F18CB /* GisRoute.swift */; };
		4D2D91842A6F4732005F18CB /* ServiceDays.swift in Sources */ = {isa = PBXBuildFile; fileRef = 4D2D91752A6F4731005F18CB /* ServiceDays.swift */; };
		4D2D91852A6F4732005F18CB /* TripResponse.swift in Sources */ = {isa = PBXBuildFile; fileRef = 4D2D91762A6F4731005F18CB /* TripResponse.swift */; };
		4D2D91862A6F4732005F18CB /* Trip.swift in Sources */ = {isa = PBXBuildFile; fileRef = 4D2D91772A6F4731005F18CB /* Trip.swift */; };
		4D2D91882A6F4732005F18CB /* GisRef.swift in Sources */ = {isa = PBXBuildFile; fileRef = 4D2D91792A6F4731005F18CB /* GisRef.swift */; };
		4D2D91892A6F4732005F18CB /* Leg.swift in Sources */ = {isa = PBXBuildFile; fileRef = 4D2D917A2A6F4732005F18CB /* Leg.swift */; };
		4D2D918A2A6F4732005F18CB /* TripStatus.swift in Sources */ = {isa = PBXBuildFile; fileRef = 4D2D917B2A6F4732005F18CB /* TripStatus.swift */; };
		4D2D91922A7945D5005F18CB /* StopResponse+json.swift in Sources */ = {isa = PBXBuildFile; fileRef = 4D2D91912A7945D5005F18CB /* StopResponse+json.swift */; };
		4D2D91942A7965F0005F18CB /* location_origin.json in Resources */ = {isa = PBXBuildFile; fileRef = 4D2D918E2A784580005F18CB /* location_origin.json */; };
		4D2D91952A7965F1005F18CB /* location_origin.json in Resources */ = {isa = PBXBuildFile; fileRef = 4D2D918E2A784580005F18CB /* location_origin.json */; };
		4D2D91962A7965F5005F18CB /* location_destination.json in Resources */ = {isa = PBXBuildFile; fileRef = 4D2D918F2A7845A0005F18CB /* location_destination.json */; };
		4D2D91972A7965F5005F18CB /* location_destination.json in Resources */ = {isa = PBXBuildFile; fileRef = 4D2D918F2A7845A0005F18CB /* location_destination.json */; };
		4D2D91982A7965F6005F18CB /* location_destination.json in Resources */ = {isa = PBXBuildFile; fileRef = 4D2D918F2A7845A0005F18CB /* location_destination.json */; };
		4D2D91992A796609005F18CB /* location_origin.json in Resources */ = {isa = PBXBuildFile; fileRef = 4D2D918E2A784580005F18CB /* location_origin.json */; };
		4D2D919A2A79660D005F18CB /* trip.json in Resources */ = {isa = PBXBuildFile; fileRef = 4D2D91902A7845AD005F18CB /* trip.json */; };
		4D2D919B2A79660D005F18CB /* trip.json in Resources */ = {isa = PBXBuildFile; fileRef = 4D2D91902A7845AD005F18CB /* trip.json */; };
		4D2D919C2A79660E005F18CB /* trip.json in Resources */ = {isa = PBXBuildFile; fileRef = 4D2D91902A7845AD005F18CB /* trip.json */; };
		4D2D919D2A796615005F18CB /* StopResponse+json.swift in Sources */ = {isa = PBXBuildFile; fileRef = 4D2D91912A7945D5005F18CB /* StopResponse+json.swift */; };
		4D2D919E2A796615005F18CB /* StopResponse+json.swift in Sources */ = {isa = PBXBuildFile; fileRef = 4D2D91912A7945D5005F18CB /* StopResponse+json.swift */; };
		4D2D91A02A7966DC005F18CB /* StaticFunctions.swift in Sources */ = {isa = PBXBuildFile; fileRef = 4D2D919F2A7966DC005F18CB /* StaticFunctions.swift */; };
		4D8048EC2A97A28D00C69747 /* Localizable.xcstrings in Resources */ = {isa = PBXBuildFile; fileRef = 4D2D915A2A6EC3DB005F18CB /* Localizable.xcstrings */; };
		4D8048ED2A97A28D00C69747 /* Localizable.xcstrings in Resources */ = {isa = PBXBuildFile; fileRef = 4D2D915A2A6EC3DB005F18CB /* Localizable.xcstrings */; };
		4D8048F02A97DDEE00C69747 /* Mocker in Frameworks */ = {isa = PBXBuildFile; productRef = 4D8048EF2A97DDEE00C69747 /* Mocker */; };
		4D8048F22A98A3E300C69747 /* TripResultsViewTests.swift in Sources */ = {isa = PBXBuildFile; fileRef = 4D8048F12A98A3E300C69747 /* TripResultsViewTests.swift */; };
		4D8814752A94D36600B4D252 /* StopChoiceButtonView.swift in Sources */ = {isa = PBXBuildFile; fileRef = 4D8814742A94D36600B4D252 /* StopChoiceButtonView.swift */; };
		4D88147D2A96109100B4D252 /* ViewInspector in Frameworks */ = {isa = PBXBuildFile; productRef = 4D88147C2A96109100B4D252 /* ViewInspector */; };
		4D88147E2A96138800B4D252 /* StopResponse.swift in Sources */ = {isa = PBXBuildFile; fileRef = 4D2D91652A6F4724005F18CB /* StopResponse.swift */; };
		4D88147F2A96138900B4D252 /* StopResponse.swift in Sources */ = {isa = PBXBuildFile; fileRef = 4D2D91652A6F4724005F18CB /* StopResponse.swift */; };
		4D8814802A96139100B4D252 /* TripResponse.swift in Sources */ = {isa = PBXBuildFile; fileRef = 4D2D91762A6F4731005F18CB /* TripResponse.swift */; };
		4D8814812A96139100B4D252 /* TripResponse.swift in Sources */ = {isa = PBXBuildFile; fileRef = 4D2D91762A6F4731005F18CB /* TripResponse.swift */; };
		4D8814822A96140800B4D252 /* StaticFunctions.swift in Sources */ = {isa = PBXBuildFile; fileRef = 4D2D919F2A7966DC005F18CB /* StaticFunctions.swift */; };
		4D8814832A96140900B4D252 /* StaticFunctions.swift in Sources */ = {isa = PBXBuildFile; fileRef = 4D2D919F2A7966DC005F18CB /* StaticFunctions.swift */; };
		4D8814842A96141900B4D252 /* AppModel.swift in Sources */ = {isa = PBXBuildFile; fileRef = 4D18955A2A6BB9C600F3570A /* AppModel.swift */; };
		4D8814852A96141900B4D252 /* AppModel.swift in Sources */ = {isa = PBXBuildFile; fileRef = 4D18955A2A6BB9C600F3570A /* AppModel.swift */; };
		4D8814862A96142100B4D252 /* ProductAtStop.swift in Sources */ = {isa = PBXBuildFile; fileRef = 4D2D91632A6F4724005F18CB /* ProductAtStop.swift */; };
		4D8814872A96142100B4D252 /* StopLocation.swift in Sources */ = {isa = PBXBuildFile; fileRef = 4D2D91602A6F4724005F18CB /* StopLocation.swift */; };
		4D8814882A96142100B4D252 /* StopLocationOrCoordLocation.swift in Sources */ = {isa = PBXBuildFile; fileRef = 4D2D91612A6F4724005F18CB /* StopLocationOrCoordLocation.swift */; };
		4D8814892A96142100B4D252 /* TechnicalMessage.swift in Sources */ = {isa = PBXBuildFile; fileRef = 4D2D915F2A6F4724005F18CB /* TechnicalMessage.swift */; };
		4D88148A2A96142100B4D252 /* TechnicalMessages.swift in Sources */ = {isa = PBXBuildFile; fileRef = 4D2D91642A6F4724005F18CB /* TechnicalMessages.swift */; };
		4D88148B2A96142100B4D252 /* Icon.swift in Sources */ = {isa = PBXBuildFile; fileRef = 4D2D91622A6F4724005F18CB /* Icon.swift */; };
		4D88148C2A96142100B4D252 /* ProductAtStop.swift in Sources */ = {isa = PBXBuildFile; fileRef = 4D2D91632A6F4724005F18CB /* ProductAtStop.swift */; };
		4D88148D2A96142100B4D252 /* StopLocation.swift in Sources */ = {isa = PBXBuildFile; fileRef = 4D2D91602A6F4724005F18CB /* StopLocation.swift */; };
		4D88148E2A96142100B4D252 /* StopLocationOrCoordLocation.swift in Sources */ = {isa = PBXBuildFile; fileRef = 4D2D91612A6F4724005F18CB /* StopLocationOrCoordLocation.swift */; };
		4D88148F2A96142100B4D252 /* TechnicalMessage.swift in Sources */ = {isa = PBXBuildFile; fileRef = 4D2D915F2A6F4724005F18CB /* TechnicalMessage.swift */; };
		4D8814902A96142100B4D252 /* TechnicalMessages.swift in Sources */ = {isa = PBXBuildFile; fileRef = 4D2D91642A6F4724005F18CB /* TechnicalMessages.swift */; };
		4D8814912A96142100B4D252 /* Icon.swift in Sources */ = {isa = PBXBuildFile; fileRef = 4D2D91622A6F4724005F18CB /* Icon.swift */; };
		4D8814922A96142C00B4D252 /* Trip.swift in Sources */ = {isa = PBXBuildFile; fileRef = 4D2D91772A6F4731005F18CB /* Trip.swift */; };
		4D8814932A96142C00B4D252 /* ResultStatus.swift in Sources */ = {isa = PBXBuildFile; fileRef = 4D2D916E2A6F4731005F18CB /* ResultStatus.swift */; };
		4D8814942A96142C00B4D252 /* ServiceDays.swift in Sources */ = {isa = PBXBuildFile; fileRef = 4D2D91752A6F4731005F18CB /* ServiceDays.swift */; };
		4D8814952A96142C00B4D252 /* GisRoute.swift in Sources */ = {isa = PBXBuildFile; fileRef = 4D2D91742A6F4731005F18CB /* GisRoute.swift */; };
		4D8814962A96142C00B4D252 /* GisRef.swift in Sources */ = {isa = PBXBuildFile; fileRef = 4D2D91792A6F4731005F18CB /* GisRef.swift */; };
		4D8814972A96142C00B4D252 /* LegList.swift in Sources */ = {isa = PBXBuildFile; fileRef = 4D2D91702A6F4731005F18CB /* LegList.swift */; };
		4D8814982A96142C00B4D252 /* TripStatus.swift in Sources */ = {isa = PBXBuildFile; fileRef = 4D2D917B2A6F4732005F18CB /* TripStatus.swift */; };
		4D8814992A96142C00B4D252 /* Leg.swift in Sources */ = {isa = PBXBuildFile; fileRef = 4D2D917A2A6F4732005F18CB /* Leg.swift */; };
		4D88149A2A96142C00B4D252 /* Destination.swift in Sources */ = {isa = PBXBuildFile; fileRef = 4D2D91722A6F4731005F18CB /* Destination.swift */; };
		4D88149B2A96142C00B4D252 /* Product.swift in Sources */ = {isa = PBXBuildFile; fileRef = 4D2D916D2A6F4731005F18CB /* Product.swift */; };
		4D88149C2A96142D00B4D252 /* Origin.swift in Sources */ = {isa = PBXBuildFile; fileRef = 4D2D916F2A6F4731005F18CB /* Origin.swift */; };
		4D88149D2A96142D00B4D252 /* Trip.swift in Sources */ = {isa = PBXBuildFile; fileRef = 4D2D91772A6F4731005F18CB /* Trip.swift */; };
		4D88149E2A96142D00B4D252 /* ResultStatus.swift in Sources */ = {isa = PBXBuildFile; fileRef = 4D2D916E2A6F4731005F18CB /* ResultStatus.swift */; };
		4D88149F2A96142D00B4D252 /* ServiceDays.swift in Sources */ = {isa = PBXBuildFile; fileRef = 4D2D91752A6F4731005F18CB /* ServiceDays.swift */; };
		4D8814A02A96142D00B4D252 /* GisRoute.swift in Sources */ = {isa = PBXBuildFile; fileRef = 4D2D91742A6F4731005F18CB /* GisRoute.swift */; };
		4D8814A12A96142D00B4D252 /* GisRef.swift in Sources */ = {isa = PBXBuildFile; fileRef = 4D2D91792A6F4731005F18CB /* GisRef.swift */; };
		4D8814A22A96142D00B4D252 /* LegList.swift in Sources */ = {isa = PBXBuildFile; fileRef = 4D2D91702A6F4731005F18CB /* LegList.swift */; };
		4D8814A32A96142D00B4D252 /* TripStatus.swift in Sources */ = {isa = PBXBuildFile; fileRef = 4D2D917B2A6F4732005F18CB /* TripStatus.swift */; };
		4D8814A42A96142D00B4D252 /* Leg.swift in Sources */ = {isa = PBXBuildFile; fileRef = 4D2D917A2A6F4732005F18CB /* Leg.swift */; };
		4D8814A52A96142D00B4D252 /* Destination.swift in Sources */ = {isa = PBXBuildFile; fileRef = 4D2D91722A6F4731005F18CB /* Destination.swift */; };
		4D8814A62A96142D00B4D252 /* Product.swift in Sources */ = {isa = PBXBuildFile; fileRef = 4D2D916D2A6F4731005F18CB /* Product.swift */; };
		4D8814A72A96142D00B4D252 /* Origin.swift in Sources */ = {isa = PBXBuildFile; fileRef = 4D2D916F2A6F4731005F18CB /* Origin.swift */; };
		4D8814A92A9615B300B4D252 /* ContentViewTests.swift in Sources */ = {isa = PBXBuildFile; fileRef = 4D8814A82A9615B300B4D252 /* ContentViewTests.swift */; };
		4D8814AB2A961D5E00B4D252 /* TripSearchViewTests.swift in Sources */ = {isa = PBXBuildFile; fileRef = 4D8814AA2A961D5E00B4D252 /* TripSearchViewTests.swift */; };
		4D9A51882A2EA2EF00647958 /* fromA2BApp.swift in Sources */ = {isa = PBXBuildFile; fileRef = 4D9A51872A2EA2EF00647958 /* fromA2BApp.swift */; };
		4D9A518A2A2EA2EF00647958 /* ContentView.swift in Sources */ = {isa = PBXBuildFile; fileRef = 4D9A51892A2EA2EF00647958 /* ContentView.swift */; };
		4D9A518C2A2EA2F000647958 /* Assets.xcassets in Resources */ = {isa = PBXBuildFile; fileRef = 4D9A518B2A2EA2F000647958 /* Assets.xcassets */; };
		4D9A518F2A2EA2F000647958 /* Preview Assets.xcassets in Resources */ = {isa = PBXBuildFile; fileRef = 4D9A518E2A2EA2F000647958 /* Preview Assets.xcassets */; };
		4D9A519D2A2EA2F000647958 /* fromA2BTests.swift in Sources */ = {isa = PBXBuildFile; fileRef = 4D9A519C2A2EA2F000647958 /* fromA2BTests.swift */; };
		4D9A51A72A2EA2F000647958 /* fromA2BUITests.swift in Sources */ = {isa = PBXBuildFile; fileRef = 4D9A51A62A2EA2F000647958 /* fromA2BUITests.swift */; };
		4D9A51A92A2EA2F000647958 /* fromA2BUITestsLaunchTests.swift in Sources */ = {isa = PBXBuildFile; fileRef = 4D9A51A82A2EA2F000647958 /* fromA2BUITestsLaunchTests.swift */; };
		4DD356E32A8E91A2009E3ACE /* Alamofire in Frameworks */ = {isa = PBXBuildFile; productRef = 4DD356E22A8E91A2009E3ACE /* Alamofire */; };
		4DD356E62A8E9A4E009E3ACE /* NetworkManager.swift in Sources */ = {isa = PBXBuildFile; fileRef = 4DD356E52A8E9A4E009E3ACE /* NetworkManager.swift */; };
		4DD356E82A8E9A7A009E3ACE /* NetworkAPI.swift in Sources */ = {isa = PBXBuildFile; fileRef = 4DD356E72A8E9A7A009E3ACE /* NetworkAPI.swift */; };
/* End PBXBuildFile section */

/* Begin PBXContainerItemProxy section */
		4D9A51992A2EA2F000647958 /* PBXContainerItemProxy */ = {
			isa = PBXContainerItemProxy;
			containerPortal = 4D9A517C2A2EA2EF00647958 /* Project object */;
			proxyType = 1;
			remoteGlobalIDString = 4D9A51832A2EA2EF00647958;
			remoteInfo = fromA2B;
		};
		4D9A51A32A2EA2F000647958 /* PBXContainerItemProxy */ = {
			isa = PBXContainerItemProxy;
			containerPortal = 4D9A517C2A2EA2EF00647958 /* Project object */;
			proxyType = 1;
			remoteGlobalIDString = 4D9A51832A2EA2EF00647958;
			remoteInfo = fromA2B;
		};
/* End PBXContainerItemProxy section */

/* Begin PBXFileReference section */
		4D05CDF82A9780B3009264F7 /* UnitTests.xctestplan */ = {isa = PBXFileReference; lastKnownFileType = text; path = UnitTests.xctestplan; sourceTree = "<group>"; };
		4D05CDF92A9781EF009264F7 /* FullTests.xctestplan */ = {isa = PBXFileReference; lastKnownFileType = text; path = FullTests.xctestplan; sourceTree = "<group>"; };
		4D1895522A6BB95600F3570A /* TripSearchView.swift */ = {isa = PBXFileReference; lastKnownFileType = sourcecode.swift; path = TripSearchView.swift; sourceTree = "<group>"; };
		4D1895542A6BB96500F3570A /* StopSelectionView.swift */ = {isa = PBXFileReference; lastKnownFileType = sourcecode.swift; path = StopSelectionView.swift; sourceTree = "<group>"; };
		4D1895562A6BB96D00F3570A /* TripResultsView.swift */ = {isa = PBXFileReference; lastKnownFileType = sourcecode.swift; path = TripResultsView.swift; sourceTree = "<group>"; };
		4D1895582A6BB97200F3570A /* TripDetailsView.swift */ = {isa = PBXFileReference; lastKnownFileType = sourcecode.swift; path = TripDetailsView.swift; sourceTree = "<group>"; };
		4D18955A2A6BB9C600F3570A /* AppModel.swift */ = {isa = PBXFileReference; lastKnownFileType = sourcecode.swift; path = AppModel.swift; sourceTree = "<group>"; };
		4D2D915A2A6EC3DB005F18CB /* Localizable.xcstrings */ = {isa = PBXFileReference; lastKnownFileType = text.json.xcstrings; path = Localizable.xcstrings; sourceTree = "<group>"; };
		4D2D915F2A6F4724005F18CB /* TechnicalMessage.swift */ = {isa = PBXFileReference; fileEncoding = 4; lastKnownFileType = sourcecode.swift; path = TechnicalMessage.swift; sourceTree = "<group>"; };
		4D2D91602A6F4724005F18CB /* StopLocation.swift */ = {isa = PBXFileReference; fileEncoding = 4; lastKnownFileType = sourcecode.swift; path = StopLocation.swift; sourceTree = "<group>"; };
		4D2D91612A6F4724005F18CB /* StopLocationOrCoordLocation.swift */ = {isa = PBXFileReference; fileEncoding = 4; lastKnownFileType = sourcecode.swift; path = StopLocationOrCoordLocation.swift; sourceTree = "<group>"; };
		4D2D91622A6F4724005F18CB /* Icon.swift */ = {isa = PBXFileReference; fileEncoding = 4; lastKnownFileType = sourcecode.swift; path = Icon.swift; sourceTree = "<group>"; };
		4D2D91632A6F4724005F18CB /* ProductAtStop.swift */ = {isa = PBXFileReference; fileEncoding = 4; lastKnownFileType = sourcecode.swift; path = ProductAtStop.swift; sourceTree = "<group>"; };
		4D2D91642A6F4724005F18CB /* TechnicalMessages.swift */ = {isa = PBXFileReference; fileEncoding = 4; lastKnownFileType = sourcecode.swift; path = TechnicalMessages.swift; sourceTree = "<group>"; };
		4D2D91652A6F4724005F18CB /* StopResponse.swift */ = {isa = PBXFileReference; fileEncoding = 4; lastKnownFileType = sourcecode.swift; path = StopResponse.swift; sourceTree = "<group>"; };
		4D2D916D2A6F4731005F18CB /* Product.swift */ = {isa = PBXFileReference; fileEncoding = 4; lastKnownFileType = sourcecode.swift; path = Product.swift; sourceTree = "<group>"; };
		4D2D916E2A6F4731005F18CB /* ResultStatus.swift */ = {isa = PBXFileReference; fileEncoding = 4; lastKnownFileType = sourcecode.swift; path = ResultStatus.swift; sourceTree = "<group>"; };
		4D2D916F2A6F4731005F18CB /* Origin.swift */ = {isa = PBXFileReference; fileEncoding = 4; lastKnownFileType = sourcecode.swift; path = Origin.swift; sourceTree = "<group>"; };
		4D2D91702A6F4731005F18CB /* LegList.swift */ = {isa = PBXFileReference; fileEncoding = 4; lastKnownFileType = sourcecode.swift; path = LegList.swift; sourceTree = "<group>"; };
		4D2D91722A6F4731005F18CB /* Destination.swift */ = {isa = PBXFileReference; fileEncoding = 4; lastKnownFileType = sourcecode.swift; path = Destination.swift; sourceTree = "<group>"; };
		4D2D91742A6F4731005F18CB /* GisRoute.swift */ = {isa = PBXFileReference; fileEncoding = 4; lastKnownFileType = sourcecode.swift; path = GisRoute.swift; sourceTree = "<group>"; };
		4D2D91752A6F4731005F18CB /* ServiceDays.swift */ = {isa = PBXFileReference; fileEncoding = 4; lastKnownFileType = sourcecode.swift; path = ServiceDays.swift; sourceTree = "<group>"; };
		4D2D91762A6F4731005F18CB /* TripResponse.swift */ = {isa = PBXFileReference; fileEncoding = 4; lastKnownFileType = sourcecode.swift; path = TripResponse.swift; sourceTree = "<group>"; };
		4D2D91772A6F4731005F18CB /* Trip.swift */ = {isa = PBXFileReference; fileEncoding = 4; lastKnownFileType = sourcecode.swift; path = Trip.swift; sourceTree = "<group>"; };
		4D2D91792A6F4731005F18CB /* GisRef.swift */ = {isa = PBXFileReference; fileEncoding = 4; lastKnownFileType = sourcecode.swift; path = GisRef.swift; sourceTree = "<group>"; };
		4D2D917A2A6F4732005F18CB /* Leg.swift */ = {isa = PBXFileReference; fileEncoding = 4; lastKnownFileType = sourcecode.swift; path = Leg.swift; sourceTree = "<group>"; };
		4D2D917B2A6F4732005F18CB /* TripStatus.swift */ = {isa = PBXFileReference; fileEncoding = 4; lastKnownFileType = sourcecode.swift; path = TripStatus.swift; sourceTree = "<group>"; };
		4D2D918E2A784580005F18CB /* location_origin.json */ = {isa = PBXFileReference; lastKnownFileType = text.json; path = location_origin.json; sourceTree = "<group>"; };
		4D2D918F2A7845A0005F18CB /* location_destination.json */ = {isa = PBXFileReference; lastKnownFileType = text.json; path = location_destination.json; sourceTree = "<group>"; };
		4D2D91902A7845AD005F18CB /* trip.json */ = {isa = PBXFileReference; lastKnownFileType = text.json; path = trip.json; sourceTree = "<group>"; };
		4D2D91912A7945D5005F18CB /* StopResponse+json.swift */ = {isa = PBXFileReference; lastKnownFileType = sourcecode.swift; path = "StopResponse+json.swift"; sourceTree = "<group>"; };
		4D2D919F2A7966DC005F18CB /* StaticFunctions.swift */ = {isa = PBXFileReference; lastKnownFileType = sourcecode.swift; path = StaticFunctions.swift; sourceTree = "<group>"; };
		4D8048F12A98A3E300C69747 /* TripResultsViewTests.swift */ = {isa = PBXFileReference; lastKnownFileType = sourcecode.swift; path = TripResultsViewTests.swift; sourceTree = "<group>"; };
		4D8814742A94D36600B4D252 /* StopChoiceButtonView.swift */ = {isa = PBXFileReference; lastKnownFileType = sourcecode.swift; path = StopChoiceButtonView.swift; sourceTree = "<group>"; };
		4D8814A82A9615B300B4D252 /* ContentViewTests.swift */ = {isa = PBXFileReference; lastKnownFileType = sourcecode.swift; path = ContentViewTests.swift; sourceTree = "<group>"; };
		4D8814AA2A961D5E00B4D252 /* TripSearchViewTests.swift */ = {isa = PBXFileReference; lastKnownFileType = sourcecode.swift; path = TripSearchViewTests.swift; sourceTree = "<group>"; };
		4D9A51842A2EA2EF00647958 /* fromA2B.app */ = {isa = PBXFileReference; explicitFileType = wrapper.application; includeInIndex = 0; path = fromA2B.app; sourceTree = BUILT_PRODUCTS_DIR; };
		4D9A51872A2EA2EF00647958 /* fromA2BApp.swift */ = {isa = PBXFileReference; lastKnownFileType = sourcecode.swift; path = fromA2BApp.swift; sourceTree = "<group>"; };
		4D9A51892A2EA2EF00647958 /* ContentView.swift */ = {isa = PBXFileReference; lastKnownFileType = sourcecode.swift; path = ContentView.swift; sourceTree = "<group>"; };
		4D9A518B2A2EA2F000647958 /* Assets.xcassets */ = {isa = PBXFileReference; lastKnownFileType = folder.assetcatalog; path = Assets.xcassets; sourceTree = "<group>"; };
		4D9A518E2A2EA2F000647958 /* Preview Assets.xcassets */ = {isa = PBXFileReference; lastKnownFileType = folder.assetcatalog; path = "Preview Assets.xcassets"; sourceTree = "<group>"; };
		4D9A51922A2EA2F000647958 /* fromA2B.entitlements */ = {isa = PBXFileReference; lastKnownFileType = text.plist.entitlements; path = fromA2B.entitlements; sourceTree = "<group>"; };
		4D9A51932A2EA2F000647958 /* Info.plist */ = {isa = PBXFileReference; lastKnownFileType = text.plist.xml; path = Info.plist; sourceTree = "<group>"; };
		4D9A51982A2EA2F000647958 /* fromA2BTests.xctest */ = {isa = PBXFileReference; explicitFileType = wrapper.cfbundle; includeInIndex = 0; path = fromA2BTests.xctest; sourceTree = BUILT_PRODUCTS_DIR; };
		4D9A519C2A2EA2F000647958 /* fromA2BTests.swift */ = {isa = PBXFileReference; lastKnownFileType = sourcecode.swift; path = fromA2BTests.swift; sourceTree = "<group>"; };
		4D9A51A22A2EA2F000647958 /* fromA2BUITests.xctest */ = {isa = PBXFileReference; explicitFileType = wrapper.cfbundle; includeInIndex = 0; path = fromA2BUITests.xctest; sourceTree = BUILT_PRODUCTS_DIR; };
		4D9A51A62A2EA2F000647958 /* fromA2BUITests.swift */ = {isa = PBXFileReference; lastKnownFileType = sourcecode.swift; path = fromA2BUITests.swift; sourceTree = "<group>"; };
		4D9A51A82A2EA2F000647958 /* fromA2BUITestsLaunchTests.swift */ = {isa = PBXFileReference; lastKnownFileType = sourcecode.swift; path = fromA2BUITestsLaunchTests.swift; sourceTree = "<group>"; };
		4DD356E52A8E9A4E009E3ACE /* NetworkManager.swift */ = {isa = PBXFileReference; lastKnownFileType = sourcecode.swift; path = NetworkManager.swift; sourceTree = "<group>"; };
		4DD356E72A8E9A7A009E3ACE /* NetworkAPI.swift */ = {isa = PBXFileReference; lastKnownFileType = sourcecode.swift; path = NetworkAPI.swift; sourceTree = "<group>"; };
/* End PBXFileReference section */

/* Begin PBXFrameworksBuildPhase section */
		4D9A51812A2EA2EF00647958 /* Frameworks */ = {
			isa = PBXFrameworksBuildPhase;
			buildActionMask = 2147483647;
			files = (
				4DD356E32A8E91A2009E3ACE /* Alamofire in Frameworks */,
				4D8048F02A97DDEE00C69747 /* Mocker in Frameworks */,
			);
			runOnlyForDeploymentPostprocessing = 0;
		};
		4D9A51952A2EA2F000647958 /* Frameworks */ = {
			isa = PBXFrameworksBuildPhase;
			buildActionMask = 2147483647;
			files = (
				4D88147D2A96109100B4D252 /* ViewInspector in Frameworks */,
			);
			runOnlyForDeploymentPostprocessing = 0;
		};
		4D9A519F2A2EA2F000647958 /* Frameworks */ = {
			isa = PBXFrameworksBuildPhase;
			buildActionMask = 2147483647;
			files = (
			);
			runOnlyForDeploymentPostprocessing = 0;
		};
/* End PBXFrameworksBuildPhase section */

/* Begin PBXGroup section */
		4D2D915C2A6F46D0005F18CB /* Models */ = {
			isa = PBXGroup;
			children = (
				4D18955A2A6BB9C600F3570A /* AppModel.swift */,
				4D2D91652A6F4724005F18CB /* StopResponse.swift */,
				4D2D91762A6F4731005F18CB /* TripResponse.swift */,
				4D2D915D2A6F46D9005F18CB /* StopResponse */,
				4D2D915E2A6F46E7005F18CB /* TripResponse */,
			);
			path = Models;
			sourceTree = "<group>";
		};
		4D2D915D2A6F46D9005F18CB /* StopResponse */ = {
			isa = PBXGroup;
			children = (
				4D2D91622A6F4724005F18CB /* Icon.swift */,
				4D2D91632A6F4724005F18CB /* ProductAtStop.swift */,
				4D2D91602A6F4724005F18CB /* StopLocation.swift */,
				4D2D91612A6F4724005F18CB /* StopLocationOrCoordLocation.swift */,
				4D2D915F2A6F4724005F18CB /* TechnicalMessage.swift */,
				4D2D91642A6F4724005F18CB /* TechnicalMessages.swift */,
			);
			path = StopResponse;
			sourceTree = "<group>";
		};
		4D2D915E2A6F46E7005F18CB /* TripResponse */ = {
			isa = PBXGroup;
			children = (
				4D2D91722A6F4731005F18CB /* Destination.swift */,
				4D2D91792A6F4731005F18CB /* GisRef.swift */,
				4D2D91742A6F4731005F18CB /* GisRoute.swift */,
				4D2D917A2A6F4732005F18CB /* Leg.swift */,
				4D2D91702A6F4731005F18CB /* LegList.swift */,
				4D2D916F2A6F4731005F18CB /* Origin.swift */,
				4D2D916D2A6F4731005F18CB /* Product.swift */,
				4D2D916E2A6F4731005F18CB /* ResultStatus.swift */,
				4D2D91752A6F4731005F18CB /* ServiceDays.swift */,
				4D2D91772A6F4731005F18CB /* Trip.swift */,
				4D2D917B2A6F4732005F18CB /* TripStatus.swift */,
			);
			path = TripResponse;
			sourceTree = "<group>";
		};
		4D8814732A94D35100B4D252 /* SubViews */ = {
			isa = PBXGroup;
			children = (
				4D8814742A94D36600B4D252 /* StopChoiceButtonView.swift */,
			);
			path = SubViews;
			sourceTree = "<group>";
		};
		4D9A517B2A2EA2EF00647958 = {
			isa = PBXGroup;
			children = (
				4D05CDF82A9780B3009264F7 /* UnitTests.xctestplan */,
				4D05CDF92A9781EF009264F7 /* FullTests.xctestplan */,
				4D9A51862A2EA2EF00647958 /* fromA2B */,
				4D9A519B2A2EA2F000647958 /* fromA2BTests */,
				4D9A51A52A2EA2F000647958 /* fromA2BUITests */,
				4D9A51852A2EA2EF00647958 /* Products */,
			);
			sourceTree = "<group>";
		};
		4D9A51852A2EA2EF00647958 /* Products */ = {
			isa = PBXGroup;
			children = (
				4D9A51842A2EA2EF00647958 /* fromA2B.app */,
				4D9A51982A2EA2F000647958 /* fromA2BTests.xctest */,
				4D9A51A22A2EA2F000647958 /* fromA2BUITests.xctest */,
			);
			name = Products;
			sourceTree = "<group>";
		};
		4D9A51862A2EA2EF00647958 /* fromA2B */ = {
			isa = PBXGroup;
			children = (
				4DD356DF2A8E8B8D009E3ACE /* MainViews */,
				4D8814732A94D35100B4D252 /* SubViews */,
				4D2D915C2A6F46D0005F18CB /* Models */,
				4DD356E42A8E9A2C009E3ACE /* Network */,
				4DD356E02A8E8BB6009E3ACE /* Misc */,
				4D9A518D2A2EA2F000647958 /* Preview Content */,
			);
			path = fromA2B;
			sourceTree = "<group>";
		};
		4D9A518D2A2EA2F000647958 /* Preview Content */ = {
			isa = PBXGroup;
			children = (
				4D9A518E2A2EA2F000647958 /* Preview Assets.xcassets */,
				4D2D918E2A784580005F18CB /* location_origin.json */,
				4D2D918F2A7845A0005F18CB /* location_destination.json */,
				4D2D91902A7845AD005F18CB /* trip.json */,
				4D2D91912A7945D5005F18CB /* StopResponse+json.swift */,
			);
			path = "Preview Content";
			sourceTree = "<group>";
		};
		4D9A519B2A2EA2F000647958 /* fromA2BTests */ = {
			isa = PBXGroup;
			children = (
				4D9A519C2A2EA2F000647958 /* fromA2BTests.swift */,
				4D8814A82A9615B300B4D252 /* ContentViewTests.swift */,
				4D8814AA2A961D5E00B4D252 /* TripSearchViewTests.swift */,
				4D8048F12A98A3E300C69747 /* TripResultsViewTests.swift */,
			);
			path = fromA2BTests;
			sourceTree = "<group>";
		};
		4D9A51A52A2EA2F000647958 /* fromA2BUITests */ = {
			isa = PBXGroup;
			children = (
				4D9A51A62A2EA2F000647958 /* fromA2BUITests.swift */,
				4D9A51A82A2EA2F000647958 /* fromA2BUITestsLaunchTests.swift */,
			);
			path = fromA2BUITests;
			sourceTree = "<group>";
		};
		4DD356DF2A8E8B8D009E3ACE /* MainViews */ = {
			isa = PBXGroup;
			children = (
				4D9A51892A2EA2EF00647958 /* ContentView.swift */,
				4D1895522A6BB95600F3570A /* TripSearchView.swift */,
				4D1895542A6BB96500F3570A /* StopSelectionView.swift */,
				4D1895562A6BB96D00F3570A /* TripResultsView.swift */,
				4D1895582A6BB97200F3570A /* TripDetailsView.swift */,
			);
			path = MainViews;
			sourceTree = "<group>";
		};
		4DD356E02A8E8BB6009E3ACE /* Misc */ = {
			isa = PBXGroup;
			children = (
				4D2D919F2A7966DC005F18CB /* StaticFunctions.swift */,
				4D9A51872A2EA2EF00647958 /* fromA2BApp.swift */,
				4D9A518B2A2EA2F000647958 /* Assets.xcassets */,
				4D9A51922A2EA2F000647958 /* fromA2B.entitlements */,
				4D9A51932A2EA2F000647958 /* Info.plist */,
				4D2D915A2A6EC3DB005F18CB /* Localizable.xcstrings */,
			);
			path = Misc;
			sourceTree = "<group>";
		};
		4DD356E42A8E9A2C009E3ACE /* Network */ = {
			isa = PBXGroup;
			children = (
				4DD356E72A8E9A7A009E3ACE /* NetworkAPI.swift */,
				4DD356E52A8E9A4E009E3ACE /* NetworkManager.swift */,
			);
			path = Network;
			sourceTree = "<group>";
		};
/* End PBXGroup section */

/* Begin PBXNativeTarget section */
		4D9A51832A2EA2EF00647958 /* fromA2B */ = {
			isa = PBXNativeTarget;
			buildConfigurationList = 4D9A51AC2A2EA2F000647958 /* Build configuration list for PBXNativeTarget "fromA2B" */;
			buildPhases = (
				4D9A51802A2EA2EF00647958 /* Sources */,
				4D9A51812A2EA2EF00647958 /* Frameworks */,
				4D9A51822A2EA2EF00647958 /* Resources */,
			);
			buildRules = (
			);
			dependencies = (
			);
			name = fromA2B;
			packageProductDependencies = (
				4DD356E22A8E91A2009E3ACE /* Alamofire */,
				4D8048EF2A97DDEE00C69747 /* Mocker */,
			);
			productName = fromA2B;
			productReference = 4D9A51842A2EA2EF00647958 /* fromA2B.app */;
			productType = "com.apple.product-type.application";
		};
		4D9A51972A2EA2F000647958 /* fromA2BTests */ = {
			isa = PBXNativeTarget;
			buildConfigurationList = 4D9A51AF2A2EA2F000647958 /* Build configuration list for PBXNativeTarget "fromA2BTests" */;
			buildPhases = (
				4D9A51942A2EA2F000647958 /* Sources */,
				4D9A51952A2EA2F000647958 /* Frameworks */,
				4D9A51962A2EA2F000647958 /* Resources */,
			);
			buildRules = (
			);
			dependencies = (
				4D9A519A2A2EA2F000647958 /* PBXTargetDependency */,
			);
			name = fromA2BTests;
			packageProductDependencies = (
				4D88147C2A96109100B4D252 /* ViewInspector */,
			);
			productName = fromA2BTests;
			productReference = 4D9A51982A2EA2F000647958 /* fromA2BTests.xctest */;
			productType = "com.apple.product-type.bundle.unit-test";
		};
		4D9A51A12A2EA2F000647958 /* fromA2BUITests */ = {
			isa = PBXNativeTarget;
			buildConfigurationList = 4D9A51B22A2EA2F000647958 /* Build configuration list for PBXNativeTarget "fromA2BUITests" */;
			buildPhases = (
				4D9A519E2A2EA2F000647958 /* Sources */,
				4D9A519F2A2EA2F000647958 /* Frameworks */,
				4D9A51A02A2EA2F000647958 /* Resources */,
			);
			buildRules = (
			);
			dependencies = (
				4D9A51A42A2EA2F000647958 /* PBXTargetDependency */,
			);
			name = fromA2BUITests;
			productName = fromA2BUITests;
			productReference = 4D9A51A22A2EA2F000647958 /* fromA2BUITests.xctest */;
			productType = "com.apple.product-type.bundle.ui-testing";
		};
/* End PBXNativeTarget section */

/* Begin PBXProject section */
		4D9A517C2A2EA2EF00647958 /* Project object */ = {
			isa = PBXProject;
			attributes = {
				BuildIndependentTargetsInParallel = 1;
				LastSwiftUpdateCheck = 1500;
				LastUpgradeCheck = 1500;
				TargetAttributes = {
					4D9A51832A2EA2EF00647958 = {
						CreatedOnToolsVersion = 15.0;
					};
					4D9A51972A2EA2F000647958 = {
						CreatedOnToolsVersion = 15.0;
						TestTargetID = 4D9A51832A2EA2EF00647958;
					};
					4D9A51A12A2EA2F000647958 = {
						CreatedOnToolsVersion = 15.0;
						TestTargetID = 4D9A51832A2EA2EF00647958;
					};
				};
			};
			buildConfigurationList = 4D9A517F2A2EA2EF00647958 /* Build configuration list for PBXProject "fromA2B" */;
			compatibilityVersion = "Xcode 14.0";
			developmentRegion = en;
			hasScannedForEncodings = 0;
			knownRegions = (
				en,
				Base,
				sv,
			);
			mainGroup = 4D9A517B2A2EA2EF00647958;
			packageReferences = (
				4DD356E12A8E91A2009E3ACE /* XCRemoteSwiftPackageReference "Alamofire" */,
				4D88147B2A96109100B4D252 /* XCRemoteSwiftPackageReference "ViewInspector" */,
				4D8048EE2A97DDEE00C69747 /* XCRemoteSwiftPackageReference "Mocker" */,
			);
			productRefGroup = 4D9A51852A2EA2EF00647958 /* Products */;
			projectDirPath = "";
			projectRoot = "";
			targets = (
				4D9A51832A2EA2EF00647958 /* fromA2B */,
				4D9A51972A2EA2F000647958 /* fromA2BTests */,
				4D9A51A12A2EA2F000647958 /* fromA2BUITests */,
			);
		};
/* End PBXProject section */

/* Begin PBXResourcesBuildPhase section */
		4D9A51822A2EA2EF00647958 /* Resources */ = {
			isa = PBXResourcesBuildPhase;
			buildActionMask = 2147483647;
			files = (
				4D9A518F2A2EA2F000647958 /* Preview Assets.xcassets in Resources */,
				4D2D91992A796609005F18CB /* location_origin.json in Resources */,
				4D2D919A2A79660D005F18CB /* trip.json in Resources */,
				4D2D91962A7965F5005F18CB /* location_destination.json in Resources */,
				4D9A518C2A2EA2F000647958 /* Assets.xcassets in Resources */,
				4D2D915B2A6EC3DB005F18CB /* Localizable.xcstrings in Resources */,
			);
			runOnlyForDeploymentPostprocessing = 0;
		};
		4D9A51962A2EA2F000647958 /* Resources */ = {
			isa = PBXResourcesBuildPhase;
			buildActionMask = 2147483647;
			files = (
				4D2D91942A7965F0005F18CB /* location_origin.json in Resources */,
				4D2D91972A7965F5005F18CB /* location_destination.json in Resources */,
				4D8048EC2A97A28D00C69747 /* Localizable.xcstrings in Resources */,
				4D2D919B2A79660D005F18CB /* trip.json in Resources */,
			);
			runOnlyForDeploymentPostprocessing = 0;
		};
		4D9A51A02A2EA2F000647958 /* Resources */ = {
			isa = PBXResourcesBuildPhase;
			buildActionMask = 2147483647;
			files = (
				4D2D91952A7965F1005F18CB /* location_origin.json in Resources */,
				4D2D91982A7965F6005F18CB /* location_destination.json in Resources */,
				4D8048ED2A97A28D00C69747 /* Localizable.xcstrings in Resources */,
				4D2D919C2A79660E005F18CB /* trip.json in Resources */,
			);
			runOnlyForDeploymentPostprocessing = 0;
		};
/* End PBXResourcesBuildPhase section */

/* Begin PBXSourcesBuildPhase section */
		4D9A51802A2EA2EF00647958 /* Sources */ = {
			isa = PBXSourcesBuildPhase;
			buildActionMask = 2147483647;
			files = (
				4D2D917D2A6F4732005F18CB /* ResultStatus.swift in Sources */,
				4D2D91832A6F4732005F18CB /* GisRoute.swift in Sources */,
				4D9A518A2A2EA2EF00647958 /* ContentView.swift in Sources */,
				4D2D918A2A6F4732005F18CB /* TripStatus.swift in Sources */,
				4D2D91812A6F4732005F18CB /* Destination.swift in Sources */,
				4D2D91672A6F4724005F18CB /* StopLocation.swift in Sources */,
				4D2D91862A6F4732005F18CB /* Trip.swift in Sources */,
				4D2D91852A6F4732005F18CB /* TripResponse.swift in Sources */,
				4D2D91842A6F4732005F18CB /* ServiceDays.swift in Sources */,
				4D2D917C2A6F4732005F18CB /* Product.swift in Sources */,
				4D2D91662A6F4724005F18CB /* TechnicalMessage.swift in Sources */,
				4DD356E82A8E9A7A009E3ACE /* NetworkAPI.swift in Sources */,
				4D2D91922A7945D5005F18CB /* StopResponse+json.swift in Sources */,
				4D2D91892A6F4732005F18CB /* Leg.swift in Sources */,
				4D1895552A6BB96500F3570A /* StopSelectionView.swift in Sources */,
				4DD356E62A8E9A4E009E3ACE /* NetworkManager.swift in Sources */,
				4D2D917F2A6F4732005F18CB /* LegList.swift in Sources */,
				4D18955B2A6BB9C600F3570A /* AppModel.swift in Sources */,
				4D2D916C2A6F4724005F18CB /* StopResponse.swift in Sources */,
				4D9A51882A2EA2EF00647958 /* fromA2BApp.swift in Sources */,
				4D2D916A2A6F4724005F18CB /* ProductAtStop.swift in Sources */,
				4D2D91682A6F4724005F18CB /* StopLocationOrCoordLocation.swift in Sources */,
				4D2D91882A6F4732005F18CB /* GisRef.swift in Sources */,
				4D1895572A6BB96D00F3570A /* TripResultsView.swift in Sources */,
				4D2D91A02A7966DC005F18CB /* StaticFunctions.swift in Sources */,
				4D1895532A6BB95600F3570A /* TripSearchView.swift in Sources */,
				4D1895592A6BB97200F3570A /* TripDetailsView.swift in Sources */,
				4D2D916B2A6F4724005F18CB /* TechnicalMessages.swift in Sources */,
				4D8814752A94D36600B4D252 /* StopChoiceButtonView.swift in Sources */,
				4D2D91692A6F4724005F18CB /* Icon.swift in Sources */,
				4D2D917E2A6F4732005F18CB /* Origin.swift in Sources */,
			);
			runOnlyForDeploymentPostprocessing = 0;
		};
		4D9A51942A2EA2F000647958 /* Sources */ = {
			isa = PBXSourcesBuildPhase;
			buildActionMask = 2147483647;
			files = (
				4D8814942A96142C00B4D252 /* ServiceDays.swift in Sources */,
				4D8814932A96142C00B4D252 /* ResultStatus.swift in Sources */,
				4D8814862A96142100B4D252 /* ProductAtStop.swift in Sources */,
				4D2D919D2A796615005F18CB /* StopResponse+json.swift in Sources */,
				4D8048F22A98A3E300C69747 /* TripResultsViewTests.swift in Sources */,
				4D8814842A96141900B4D252 /* AppModel.swift in Sources */,
				4D88149B2A96142C00B4D252 /* Product.swift in Sources */,
				4D8814AB2A961D5E00B4D252 /* TripSearchViewTests.swift in Sources */,
				4D8814882A96142100B4D252 /* StopLocationOrCoordLocation.swift in Sources */,
				4D8814972A96142C00B4D252 /* LegList.swift in Sources */,
				4D88147E2A96138800B4D252 /* StopResponse.swift in Sources */,
				4D8814992A96142C00B4D252 /* Leg.swift in Sources */,
				4D8814872A96142100B4D252 /* StopLocation.swift in Sources */,
				4D88148B2A96142100B4D252 /* Icon.swift in Sources */,
				4D8814922A96142C00B4D252 /* Trip.swift in Sources */,
				4D8814962A96142C00B4D252 /* GisRef.swift in Sources */,
				4D8814822A96140800B4D252 /* StaticFunctions.swift in Sources */,
				4D8814952A96142C00B4D252 /* GisRoute.swift in Sources */,
				4D88149C2A96142D00B4D252 /* Origin.swift in Sources */,
				4D8814892A96142100B4D252 /* TechnicalMessage.swift in Sources */,
				4D8814A92A9615B300B4D252 /* ContentViewTests.swift in Sources */,
				4D9A519D2A2EA2F000647958 /* fromA2BTests.swift in Sources */,
				4D8814802A96139100B4D252 /* TripResponse.swift in Sources */,
				4D88148A2A96142100B4D252 /* TechnicalMessages.swift in Sources */,
				4D8814982A96142C00B4D252 /* TripStatus.swift in Sources */,
				4D88149A2A96142C00B4D252 /* Destination.swift in Sources */,
			);
			runOnlyForDeploymentPostprocessing = 0;
		};
		4D9A519E2A2EA2F000647958 /* Sources */ = {
			isa = PBXSourcesBuildPhase;
			buildActionMask = 2147483647;
			files = (
				4D8814852A96141900B4D252 /* AppModel.swift in Sources */,
				4D88148D2A96142100B4D252 /* StopLocation.swift in Sources */,
				4D8814A32A96142D00B4D252 /* TripStatus.swift in Sources */,
				4D88149E2A96142D00B4D252 /* ResultStatus.swift in Sources */,
				4D8814A22A96142D00B4D252 /* LegList.swift in Sources */,
				4D9A51A92A2EA2F000647958 /* fromA2BUITestsLaunchTests.swift in Sources */,
				4D88148C2A96142100B4D252 /* ProductAtStop.swift in Sources */,
				4D9A51A72A2EA2F000647958 /* fromA2BUITests.swift in Sources */,
				4D88147F2A96138900B4D252 /* StopResponse.swift in Sources */,
				4D88148F2A96142100B4D252 /* TechnicalMessage.swift in Sources */,
				4D8814A52A96142D00B4D252 /* Destination.swift in Sources */,
				4D88148E2A96142100B4D252 /* StopLocationOrCoordLocation.swift in Sources */,
				4D8814A62A96142D00B4D252 /* Product.swift in Sources */,
				4D8814A02A96142D00B4D252 /* GisRoute.swift in Sources */,
				4D8814A42A96142D00B4D252 /* Leg.swift in Sources */,
				4D2D919E2A796615005F18CB /* StopResponse+json.swift in Sources */,
				4D8814A12A96142D00B4D252 /* GisRef.swift in Sources */,
				4D8814912A96142100B4D252 /* Icon.swift in Sources */,
				4D8814902A96142100B4D252 /* TechnicalMessages.swift in Sources */,
				4D8814812A96139100B4D252 /* TripResponse.swift in Sources */,
				4D88149D2A96142D00B4D252 /* Trip.swift in Sources */,
				4D88149F2A96142D00B4D252 /* ServiceDays.swift in Sources */,
				4D8814832A96140900B4D252 /* StaticFunctions.swift in Sources */,
				4D8814A72A96142D00B4D252 /* Origin.swift in Sources */,
			);
			runOnlyForDeploymentPostprocessing = 0;
		};
/* End PBXSourcesBuildPhase section */

/* Begin PBXTargetDependency section */
		4D9A519A2A2EA2F000647958 /* PBXTargetDependency */ = {
			isa = PBXTargetDependency;
			target = 4D9A51832A2EA2EF00647958 /* fromA2B */;
			targetProxy = 4D9A51992A2EA2F000647958 /* PBXContainerItemProxy */;
		};
		4D9A51A42A2EA2F000647958 /* PBXTargetDependency */ = {
			isa = PBXTargetDependency;
			target = 4D9A51832A2EA2EF00647958 /* fromA2B */;
			targetProxy = 4D9A51A32A2EA2F000647958 /* PBXContainerItemProxy */;
		};
/* End PBXTargetDependency section */

/* Begin XCBuildConfiguration section */
		4D9A51AA2A2EA2F000647958 /* Debug */ = {
			isa = XCBuildConfiguration;
			buildSettings = {
				ALWAYS_SEARCH_USER_PATHS = NO;
				ASSETCATALOG_COMPILER_GENERATE_SWIFT_ASSET_SYMBOL_EXTENSIONS = YES;
				CLANG_ANALYZER_NONNULL = YES;
				CLANG_ANALYZER_NUMBER_OBJECT_CONVERSION = YES_AGGRESSIVE;
				CLANG_CXX_LANGUAGE_STANDARD = "gnu++20";
				CLANG_ENABLE_MODULES = YES;
				CLANG_ENABLE_OBJC_ARC = YES;
				CLANG_ENABLE_OBJC_WEAK = YES;
				CLANG_WARN_BLOCK_CAPTURE_AUTORELEASING = YES;
				CLANG_WARN_BOOL_CONVERSION = YES;
				CLANG_WARN_COMMA = YES;
				CLANG_WARN_CONSTANT_CONVERSION = YES;
				CLANG_WARN_DEPRECATED_OBJC_IMPLEMENTATIONS = YES;
				CLANG_WARN_DIRECT_OBJC_ISA_USAGE = YES_ERROR;
				CLANG_WARN_DOCUMENTATION_COMMENTS = YES;
				CLANG_WARN_EMPTY_BODY = YES;
				CLANG_WARN_ENUM_CONVERSION = YES;
				CLANG_WARN_INFINITE_RECURSION = YES;
				CLANG_WARN_INT_CONVERSION = YES;
				CLANG_WARN_NON_LITERAL_NULL_CONVERSION = YES;
				CLANG_WARN_OBJC_IMPLICIT_RETAIN_SELF = YES;
				CLANG_WARN_OBJC_LITERAL_CONVERSION = YES;
				CLANG_WARN_OBJC_ROOT_CLASS = YES_ERROR;
				CLANG_WARN_QUOTED_INCLUDE_IN_FRAMEWORK_HEADER = YES;
				CLANG_WARN_RANGE_LOOP_ANALYSIS = YES;
				CLANG_WARN_STRICT_PROTOTYPES = YES;
				CLANG_WARN_SUSPICIOUS_MOVE = YES;
				CLANG_WARN_UNGUARDED_AVAILABILITY = YES_AGGRESSIVE;
				CLANG_WARN_UNREACHABLE_CODE = YES;
				CLANG_WARN__DUPLICATE_METHOD_MATCH = YES;
				COPY_PHASE_STRIP = NO;
				DEBUG_INFORMATION_FORMAT = dwarf;
				ENABLE_STRICT_OBJC_MSGSEND = YES;
				ENABLE_TESTABILITY = YES;
				ENABLE_TESTING_SEARCH_PATHS = YES;
				ENABLE_USER_SCRIPT_SANDBOXING = YES;
				GCC_C_LANGUAGE_STANDARD = gnu17;
				GCC_DYNAMIC_NO_PIC = NO;
				GCC_NO_COMMON_BLOCKS = YES;
				GCC_OPTIMIZATION_LEVEL = 0;
				GCC_PREPROCESSOR_DEFINITIONS = (
					"DEBUG=1",
					"$(inherited)",
				);
				GCC_WARN_64_TO_32_BIT_CONVERSION = YES;
				GCC_WARN_ABOUT_RETURN_TYPE = YES_ERROR;
				GCC_WARN_UNDECLARED_SELECTOR = YES;
				GCC_WARN_UNINITIALIZED_AUTOS = YES_AGGRESSIVE;
				GCC_WARN_UNUSED_FUNCTION = YES;
				GCC_WARN_UNUSED_VARIABLE = YES;
				IPHONEOS_DEPLOYMENT_TARGET = 17.0;
				LOCALIZATION_PREFERS_STRING_CATALOGS = YES;
				MTL_ENABLE_DEBUG_INFO = INCLUDE_SOURCE;
				MTL_FAST_MATH = YES;
				ONLY_ACTIVE_ARCH = YES;
				SDKROOT = iphoneos;
				SWIFT_ACTIVE_COMPILATION_CONDITIONS = "DEBUG $(inherited)";
				SWIFT_OPTIMIZATION_LEVEL = "-Onone";
			};
			name = Debug;
		};
		4D9A51AB2A2EA2F000647958 /* Release */ = {
			isa = XCBuildConfiguration;
			buildSettings = {
				ALWAYS_SEARCH_USER_PATHS = NO;
				ASSETCATALOG_COMPILER_GENERATE_SWIFT_ASSET_SYMBOL_EXTENSIONS = YES;
				CLANG_ANALYZER_NONNULL = YES;
				CLANG_ANALYZER_NUMBER_OBJECT_CONVERSION = YES_AGGRESSIVE;
				CLANG_CXX_LANGUAGE_STANDARD = "gnu++20";
				CLANG_ENABLE_MODULES = YES;
				CLANG_ENABLE_OBJC_ARC = YES;
				CLANG_ENABLE_OBJC_WEAK = YES;
				CLANG_WARN_BLOCK_CAPTURE_AUTORELEASING = YES;
				CLANG_WARN_BOOL_CONVERSION = YES;
				CLANG_WARN_COMMA = YES;
				CLANG_WARN_CONSTANT_CONVERSION = YES;
				CLANG_WARN_DEPRECATED_OBJC_IMPLEMENTATIONS = YES;
				CLANG_WARN_DIRECT_OBJC_ISA_USAGE = YES_ERROR;
				CLANG_WARN_DOCUMENTATION_COMMENTS = YES;
				CLANG_WARN_EMPTY_BODY = YES;
				CLANG_WARN_ENUM_CONVERSION = YES;
				CLANG_WARN_INFINITE_RECURSION = YES;
				CLANG_WARN_INT_CONVERSION = YES;
				CLANG_WARN_NON_LITERAL_NULL_CONVERSION = YES;
				CLANG_WARN_OBJC_IMPLICIT_RETAIN_SELF = YES;
				CLANG_WARN_OBJC_LITERAL_CONVERSION = YES;
				CLANG_WARN_OBJC_ROOT_CLASS = YES_ERROR;
				CLANG_WARN_QUOTED_INCLUDE_IN_FRAMEWORK_HEADER = YES;
				CLANG_WARN_RANGE_LOOP_ANALYSIS = YES;
				CLANG_WARN_STRICT_PROTOTYPES = YES;
				CLANG_WARN_SUSPICIOUS_MOVE = YES;
				CLANG_WARN_UNGUARDED_AVAILABILITY = YES_AGGRESSIVE;
				CLANG_WARN_UNREACHABLE_CODE = YES;
				CLANG_WARN__DUPLICATE_METHOD_MATCH = YES;
				COPY_PHASE_STRIP = NO;
				DEBUG_INFORMATION_FORMAT = "dwarf-with-dsym";
				ENABLE_NS_ASSERTIONS = NO;
				ENABLE_STRICT_OBJC_MSGSEND = YES;
				ENABLE_TESTING_SEARCH_PATHS = YES;
				ENABLE_USER_SCRIPT_SANDBOXING = YES;
				GCC_C_LANGUAGE_STANDARD = gnu17;
				GCC_NO_COMMON_BLOCKS = YES;
				GCC_WARN_64_TO_32_BIT_CONVERSION = YES;
				GCC_WARN_ABOUT_RETURN_TYPE = YES_ERROR;
				GCC_WARN_UNDECLARED_SELECTOR = YES;
				GCC_WARN_UNINITIALIZED_AUTOS = YES_AGGRESSIVE;
				GCC_WARN_UNUSED_FUNCTION = YES;
				GCC_WARN_UNUSED_VARIABLE = YES;
				IPHONEOS_DEPLOYMENT_TARGET = 17.0;
				LOCALIZATION_PREFERS_STRING_CATALOGS = YES;
				MTL_ENABLE_DEBUG_INFO = NO;
				MTL_FAST_MATH = YES;
				SDKROOT = iphoneos;
				SWIFT_COMPILATION_MODE = wholemodule;
				VALIDATE_PRODUCT = YES;
			};
			name = Release;
		};
		4D9A51AD2A2EA2F000647958 /* Debug */ = {
			isa = XCBuildConfiguration;
			buildSettings = {
				ASSETCATALOG_COMPILER_APPICON_NAME = AppIcon;
				ASSETCATALOG_COMPILER_GLOBAL_ACCENT_COLOR_NAME = AccentColor;
				CODE_SIGN_ENTITLEMENTS = fromA2B/Misc/fromA2B.entitlements;
				CODE_SIGN_STYLE = Automatic;
				CURRENT_PROJECT_VERSION = 1;
				DEVELOPMENT_ASSET_PATHS = "\"fromA2B/Preview Content\"";
				DEVELOPMENT_TEAM = Y8NX76ELDN;
				ENABLE_PREVIEWS = YES;
				GENERATE_INFOPLIST_FILE = YES;
				INFOPLIST_FILE = fromA2B/Misc/Info.plist;
				INFOPLIST_KEY_UIApplicationSceneManifest_Generation = YES;
				INFOPLIST_KEY_UIApplicationSupportsIndirectInputEvents = YES;
				INFOPLIST_KEY_UILaunchScreen_Generation = YES;
				INFOPLIST_KEY_UISupportedInterfaceOrientations_iPad = "UIInterfaceOrientationPortrait UIInterfaceOrientationPortraitUpsideDown UIInterfaceOrientationLandscapeLeft UIInterfaceOrientationLandscapeRight";
				INFOPLIST_KEY_UISupportedInterfaceOrientations_iPhone = "UIInterfaceOrientationPortrait UIInterfaceOrientationLandscapeLeft UIInterfaceOrientationLandscapeRight";
				LD_RUNPATH_SEARCH_PATHS = (
					"$(inherited)",
					"@executable_path/Frameworks",
				);
				MARKETING_VERSION = 1.0;
				PRODUCT_BUNDLE_IDENTIFIER = nu.sing2.fromA2B;
				PRODUCT_NAME = "$(TARGET_NAME)";
				SUPPORTED_PLATFORMS = "iphoneos iphonesimulator";
				SUPPORTS_MACCATALYST = NO;
				SUPPORTS_MAC_DESIGNED_FOR_IPHONE_IPAD = YES;
				SWIFT_EMIT_LOC_STRINGS = YES;
				SWIFT_VERSION = 5.0;
				TARGETED_DEVICE_FAMILY = "1,2";
			};
			name = Debug;
		};
		4D9A51AE2A2EA2F000647958 /* Release */ = {
			isa = XCBuildConfiguration;
			buildSettings = {
				ASSETCATALOG_COMPILER_APPICON_NAME = AppIcon;
				ASSETCATALOG_COMPILER_GLOBAL_ACCENT_COLOR_NAME = AccentColor;
				CODE_SIGN_ENTITLEMENTS = fromA2B/Misc/fromA2B.entitlements;
				CODE_SIGN_STYLE = Automatic;
				CURRENT_PROJECT_VERSION = 1;
				DEVELOPMENT_ASSET_PATHS = "\"fromA2B/Preview Content\"";
				DEVELOPMENT_TEAM = Y8NX76ELDN;
				ENABLE_PREVIEWS = YES;
				GENERATE_INFOPLIST_FILE = YES;
				INFOPLIST_FILE = fromA2B/Misc/Info.plist;
				INFOPLIST_KEY_UIApplicationSceneManifest_Generation = YES;
				INFOPLIST_KEY_UIApplicationSupportsIndirectInputEvents = YES;
				INFOPLIST_KEY_UILaunchScreen_Generation = YES;
				INFOPLIST_KEY_UISupportedInterfaceOrientations_iPad = "UIInterfaceOrientationPortrait UIInterfaceOrientationPortraitUpsideDown UIInterfaceOrientationLandscapeLeft UIInterfaceOrientationLandscapeRight";
				INFOPLIST_KEY_UISupportedInterfaceOrientations_iPhone = "UIInterfaceOrientationPortrait UIInterfaceOrientationLandscapeLeft UIInterfaceOrientationLandscapeRight";
				LD_RUNPATH_SEARCH_PATHS = (
					"$(inherited)",
					"@executable_path/Frameworks",
				);
				MARKETING_VERSION = 1.0;
				PRODUCT_BUNDLE_IDENTIFIER = nu.sing2.fromA2B;
				PRODUCT_NAME = "$(TARGET_NAME)";
				SUPPORTED_PLATFORMS = "iphoneos iphonesimulator";
				SUPPORTS_MACCATALYST = NO;
				SUPPORTS_MAC_DESIGNED_FOR_IPHONE_IPAD = YES;
				SWIFT_EMIT_LOC_STRINGS = YES;
				SWIFT_VERSION = 5.0;
				TARGETED_DEVICE_FAMILY = "1,2";
			};
			name = Release;
		};
		4D9A51B02A2EA2F000647958 /* Debug */ = {
			isa = XCBuildConfiguration;
			buildSettings = {
				ALWAYS_EMBED_SWIFT_STANDARD_LIBRARIES = YES;
				BUNDLE_LOADER = "$(TEST_HOST)";
				CODE_SIGN_STYLE = Automatic;
				CURRENT_PROJECT_VERSION = 1;
				DEVELOPMENT_TEAM = Y8NX76ELDN;
				GENERATE_INFOPLIST_FILE = YES;
				IPHONEOS_DEPLOYMENT_TARGET = 17.0;
				MARKETING_VERSION = 1.0;
				PRODUCT_BUNDLE_IDENTIFIER = nu.sing2.fromA2BTests;
				PRODUCT_NAME = "$(TARGET_NAME)";
				SWIFT_EMIT_LOC_STRINGS = NO;
				SWIFT_VERSION = 5.0;
				TARGETED_DEVICE_FAMILY = "1,2";
				TEST_HOST = "$(BUILT_PRODUCTS_DIR)/fromA2B.app/$(BUNDLE_EXECUTABLE_FOLDER_PATH)/fromA2B";
			};
			name = Debug;
		};
		4D9A51B12A2EA2F000647958 /* Release */ = {
			isa = XCBuildConfiguration;
			buildSettings = {
				ALWAYS_EMBED_SWIFT_STANDARD_LIBRARIES = YES;
				BUNDLE_LOADER = "$(TEST_HOST)";
				CODE_SIGN_STYLE = Automatic;
				CURRENT_PROJECT_VERSION = 1;
				DEVELOPMENT_TEAM = Y8NX76ELDN;
				GENERATE_INFOPLIST_FILE = YES;
				IPHONEOS_DEPLOYMENT_TARGET = 17.0;
				MARKETING_VERSION = 1.0;
				PRODUCT_BUNDLE_IDENTIFIER = nu.sing2.fromA2BTests;
				PRODUCT_NAME = "$(TARGET_NAME)";
				SWIFT_EMIT_LOC_STRINGS = NO;
				SWIFT_VERSION = 5.0;
				TARGETED_DEVICE_FAMILY = "1,2";
				TEST_HOST = "$(BUILT_PRODUCTS_DIR)/fromA2B.app/$(BUNDLE_EXECUTABLE_FOLDER_PATH)/fromA2B";
			};
			name = Release;
		};
		4D9A51B32A2EA2F000647958 /* Debug */ = {
			isa = XCBuildConfiguration;
			buildSettings = {
				ALWAYS_EMBED_SWIFT_STANDARD_LIBRARIES = YES;
				CODE_SIGN_STYLE = Automatic;
				CURRENT_PROJECT_VERSION = 1;
				DEVELOPMENT_TEAM = Y8NX76ELDN;
				GENERATE_INFOPLIST_FILE = YES;
				MARKETING_VERSION = 1.0;
				PRODUCT_BUNDLE_IDENTIFIER = nu.sing2.fromA2BUITests;
				PRODUCT_NAME = "$(TARGET_NAME)";
				SWIFT_EMIT_LOC_STRINGS = NO;
				SWIFT_VERSION = 5.0;
				TARGETED_DEVICE_FAMILY = "1,2";
				TEST_TARGET_NAME = fromA2B;
			};
			name = Debug;
		};
		4D9A51B42A2EA2F000647958 /* Release */ = {
			isa = XCBuildConfiguration;
			buildSettings = {
				ALWAYS_EMBED_SWIFT_STANDARD_LIBRARIES = YES;
				CODE_SIGN_STYLE = Automatic;
				CURRENT_PROJECT_VERSION = 1;
				DEVELOPMENT_TEAM = Y8NX76ELDN;
				GENERATE_INFOPLIST_FILE = YES;
				MARKETING_VERSION = 1.0;
				PRODUCT_BUNDLE_IDENTIFIER = nu.sing2.fromA2BUITests;
				PRODUCT_NAME = "$(TARGET_NAME)";
				SWIFT_EMIT_LOC_STRINGS = NO;
				SWIFT_VERSION = 5.0;
				TARGETED_DEVICE_FAMILY = "1,2";
				TEST_TARGET_NAME = fromA2B;
			};
			name = Release;
		};
/* End XCBuildConfiguration section */

/* Begin XCConfigurationList section */
		4D9A517F2A2EA2EF00647958 /* Build configuration list for PBXProject "fromA2B" */ = {
			isa = XCConfigurationList;
			buildConfigurations = (
				4D9A51AA2A2EA2F000647958 /* Debug */,
				4D9A51AB2A2EA2F000647958 /* Release */,
			);
			defaultConfigurationIsVisible = 0;
			defaultConfigurationName = Release;
		};
		4D9A51AC2A2EA2F000647958 /* Build configuration list for PBXNativeTarget "fromA2B" */ = {
			isa = XCConfigurationList;
			buildConfigurations = (
				4D9A51AD2A2EA2F000647958 /* Debug */,
				4D9A51AE2A2EA2F000647958 /* Release */,
			);
			defaultConfigurationIsVisible = 0;
			defaultConfigurationName = Release;
		};
		4D9A51AF2A2EA2F000647958 /* Build configuration list for PBXNativeTarget "fromA2BTests" */ = {
			isa = XCConfigurationList;
			buildConfigurations = (
				4D9A51B02A2EA2F000647958 /* Debug */,
				4D9A51B12A2EA2F000647958 /* Release */,
			);
			defaultConfigurationIsVisible = 0;
			defaultConfigurationName = Release;
		};
		4D9A51B22A2EA2F000647958 /* Build configuration list for PBXNativeTarget "fromA2BUITests" */ = {
			isa = XCConfigurationList;
			buildConfigurations = (
				4D9A51B32A2EA2F000647958 /* Debug */,
				4D9A51B42A2EA2F000647958 /* Release */,
			);
			defaultConfigurationIsVisible = 0;
			defaultConfigurationName = Release;
		};
/* End XCConfigurationList section */

/* Begin XCRemoteSwiftPackageReference section */
		4D8048EE2A97DDEE00C69747 /* XCRemoteSwiftPackageReference "Mocker" */ = {
			isa = XCRemoteSwiftPackageReference;
			repositoryURL = "https://github.com/WeTransfer/Mocker";
			requirement = {
				kind = upToNextMajorVersion;
				minimumVersion = 3.0.1;
			};
		};
		4D88147B2A96109100B4D252 /* XCRemoteSwiftPackageReference "ViewInspector" */ = {
			isa = XCRemoteSwiftPackageReference;
			repositoryURL = "https://github.com/nalexn/ViewInspector";
			requirement = {
				kind = exactVersion;
				version = 0.9.7;
			};
		};
		4DD356E12A8E91A2009E3ACE /* XCRemoteSwiftPackageReference "Alamofire" */ = {
			isa = XCRemoteSwiftPackageReference;
			repositoryURL = "https://github.com/Alamofire/Alamofire.git";
			requirement = {
				kind = upToNextMajorVersion;
				minimumVersion = 5.7.1;
			};
		};
/* End XCRemoteSwiftPackageReference section */

/* Begin XCSwiftPackageProductDependency section */
		4D8048EF2A97DDEE00C69747 /* Mocker */ = {
			isa = XCSwiftPackageProductDependency;
			package = 4D8048EE2A97DDEE00C69747 /* XCRemoteSwiftPackageReference "Mocker" */;
			productName = Mocker;
		};
		4D88147C2A96109100B4D252 /* ViewInspector */ = {
			isa = XCSwiftPackageProductDependency;
			package = 4D88147B2A96109100B4D252 /* XCRemoteSwiftPackageReference "ViewInspector" */;
			productName = ViewInspector;
		};
		4DD356E22A8E91A2009E3ACE /* Alamofire */ = {
			isa = XCSwiftPackageProductDependency;
			package = 4DD356E12A8E91A2009E3ACE /* XCRemoteSwiftPackageReference "Alamofire" */;
			productName = Alamofire;
		};
/* End XCSwiftPackageProductDependency section */
	};
	rootObject = 4D9A517C2A2EA2EF00647958 /* Project object */;
}
