// !$*UTF8*$!
{
	archiveVersion = 1;
	classes = {
	};
	objectVersion = 56;
	objects = {

/* Begin PBXBuildFile section */
		4D1895532A6BB95600F3570A /* TripSearchView.swift in Sources */ = {isa = PBXBuildFile; fileRef = 4D1895522A6BB95600F3570A /* TripSearchView.swift */; };
		4D1895552A6BB96500F3570A /* StopSelectionView.swift in Sources */ = {isa = PBXBuildFile; fileRef = 4D1895542A6BB96500F3570A /* StopSelectionView.swift */; };
		4D1895572A6BB96D00F3570A /* TripResultsView.swift in Sources */ = {isa = PBXBuildFile; fileRef = 4D1895562A6BB96D00F3570A /* TripResultsView.swift */; };
		4D1895592A6BB97200F3570A /* TripDetailsView.swift in Sources */ = {isa = PBXBuildFile; fileRef = 4D1895582A6BB97200F3570A /* TripDetailsView.swift */; };
		4D18955B2A6BB9C600F3570A /* AppModel.swift in Sources */ = {isa = PBXBuildFile; fileRef = 4D18955A2A6BB9C600F3570A /* AppModel.swift */; };
		4D9A51882A2EA2EF00647958 /* fromA2BApp.swift in Sources */ = {isa = PBXBuildFile; fileRef = 4D9A51872A2EA2EF00647958 /* fromA2BApp.swift */; };
		4D9A518A2A2EA2EF00647958 /* ContentView.swift in Sources */ = {isa = PBXBuildFile; fileRef = 4D9A51892A2EA2EF00647958 /* ContentView.swift */; };
		4D9A518C2A2EA2F000647958 /* Assets.xcassets in Resources */ = {isa = PBXBuildFile; fileRef = 4D9A518B2A2EA2F000647958 /* Assets.xcassets */; };
		4D9A518F2A2EA2F000647958 /* Preview Assets.xcassets in Resources */ = {isa = PBXBuildFile; fileRef = 4D9A518E2A2EA2F000647958 /* Preview Assets.xcassets */; };
		4D9A51912A2EA2F000647958 /* Item.swift in Sources */ = {isa = PBXBuildFile; fileRef = 4D9A51902A2EA2F000647958 /* Item.swift */; };
		4D9A519D2A2EA2F000647958 /* fromA2BTests.swift in Sources */ = {isa = PBXBuildFile; fileRef = 4D9A519C2A2EA2F000647958 /* fromA2BTests.swift */; };
		4D9A51A72A2EA2F000647958 /* fromA2BUITests.swift in Sources */ = {isa = PBXBuildFile; fileRef = 4D9A51A62A2EA2F000647958 /* fromA2BUITests.swift */; };
		4D9A51A92A2EA2F000647958 /* fromA2BUITestsLaunchTests.swift in Sources */ = {isa = PBXBuildFile; fileRef = 4D9A51A82A2EA2F000647958 /* fromA2BUITestsLaunchTests.swift */; };
/* End PBXBuildFile section */

/* Begin PBXContainerItemProxy section */
		4D9A51992A2EA2F000647958 /* PBXContainerItemProxy */ = {
			isa = PBXContainerItemProxy;
			containerPortal = 4D9A517C2A2EA2EF00647958 /* Project object */;
			proxyType = 1;
			remoteGlobalIDString = 4D9A51832A2EA2EF00647958;
			remoteInfo = fromA2B;
		};
		4D9A51A32A2EA2F000647958 /* PBXContainerItemProxy */ = {
			isa = PBXContainerItemProxy;
			containerPortal = 4D9A517C2A2EA2EF00647958 /* Project object */;
			proxyType = 1;
			remoteGlobalIDString = 4D9A51832A2EA2EF00647958;
			remoteInfo = fromA2B;
		};
/* End PBXContainerItemProxy section */

/* Begin PBXFileReference section */
		4D1895522A6BB95600F3570A /* TripSearchView.swift */ = {isa = PBXFileReference; lastKnownFileType = sourcecode.swift; path = TripSearchView.swift; sourceTree = "<group>"; };
		4D1895542A6BB96500F3570A /* StopSelectionView.swift */ = {isa = PBXFileReference; lastKnownFileType = sourcecode.swift; path = StopSelectionView.swift; sourceTree = "<group>"; };
		4D1895562A6BB96D00F3570A /* TripResultsView.swift */ = {isa = PBXFileReference; lastKnownFileType = sourcecode.swift; path = TripResultsView.swift; sourceTree = "<group>"; };
		4D1895582A6BB97200F3570A /* TripDetailsView.swift */ = {isa = PBXFileReference; lastKnownFileType = sourcecode.swift; path = TripDetailsView.swift; sourceTree = "<group>"; };
		4D18955A2A6BB9C600F3570A /* AppModel.swift */ = {isa = PBXFileReference; lastKnownFileType = sourcecode.swift; path = AppModel.swift; sourceTree = "<group>"; };
		4D9A51842A2EA2EF00647958 /* fromA2B.app */ = {isa = PBXFileReference; explicitFileType = wrapper.application; includeInIndex = 0; path = fromA2B.app; sourceTree = BUILT_PRODUCTS_DIR; };
		4D9A51872A2EA2EF00647958 /* fromA2BApp.swift */ = {isa = PBXFileReference; lastKnownFileType = sourcecode.swift; path = fromA2BApp.swift; sourceTree = "<group>"; };
		4D9A51892A2EA2EF00647958 /* ContentView.swift */ = {isa = PBXFileReference; lastKnownFileType = sourcecode.swift; path = ContentView.swift; sourceTree = "<group>"; };
		4D9A518B2A2EA2F000647958 /* Assets.xcassets */ = {isa = PBXFileReference; lastKnownFileType = folder.assetcatalog; path = Assets.xcassets; sourceTree = "<group>"; };
		4D9A518E2A2EA2F000647958 /* Preview Assets.xcassets */ = {isa = PBXFileReference; lastKnownFileType = folder.assetcatalog; path = "Preview Assets.xcassets"; sourceTree = "<group>"; };
		4D9A51902A2EA2F000647958 /* Item.swift */ = {isa = PBXFileReference; lastKnownFileType = sourcecode.swift; path = Item.swift; sourceTree = "<group>"; };
		4D9A51922A2EA2F000647958 /* fromA2B.entitlements */ = {isa = PBXFileReference; lastKnownFileType = text.plist.entitlements; path = fromA2B.entitlements; sourceTree = "<group>"; };
		4D9A51932A2EA2F000647958 /* Info.plist */ = {isa = PBXFileReference; lastKnownFileType = text.plist.xml; path = Info.plist; sourceTree = "<group>"; };
		4D9A51982A2EA2F000647958 /* fromA2BTests.xctest */ = {isa = PBXFileReference; explicitFileType = wrapper.cfbundle; includeInIndex = 0; path = fromA2BTests.xctest; sourceTree = BUILT_PRODUCTS_DIR; };
		4D9A519C2A2EA2F000647958 /* fromA2BTests.swift */ = {isa = PBXFileReference; lastKnownFileType = sourcecode.swift; path = fromA2BTests.swift; sourceTree = "<group>"; };
		4D9A51A22A2EA2F000647958 /* fromA2BUITests.xctest */ = {isa = PBXFileReference; explicitFileType = wrapper.cfbundle; includeInIndex = 0; path = fromA2BUITests.xctest; sourceTree = BUILT_PRODUCTS_DIR; };
		4D9A51A62A2EA2F000647958 /* fromA2BUITests.swift */ = {isa = PBXFileReference; lastKnownFileType = sourcecode.swift; path = fromA2BUITests.swift; sourceTree = "<group>"; };
		4D9A51A82A2EA2F000647958 /* fromA2BUITestsLaunchTests.swift */ = {isa = PBXFileReference; lastKnownFileType = sourcecode.swift; path = fromA2BUITestsLaunchTests.swift; sourceTree = "<group>"; };
/* End PBXFileReference section */

/* Begin PBXFrameworksBuildPhase section */
		4D9A51812A2EA2EF00647958 /* Frameworks */ = {
			isa = PBXFrameworksBuildPhase;
			buildActionMask = 2147483647;
			files = (
			);
			runOnlyForDeploymentPostprocessing = 0;
		};
		4D9A51952A2EA2F000647958 /* Frameworks */ = {
			isa = PBXFrameworksBuildPhase;
			buildActionMask = 2147483647;
			files = (
			);
			runOnlyForDeploymentPostprocessing = 0;
		};
		4D9A519F2A2EA2F000647958 /* Frameworks */ = {
			isa = PBXFrameworksBuildPhase;
			buildActionMask = 2147483647;
			files = (
			);
			runOnlyForDeploymentPostprocessing = 0;
		};
/* End PBXFrameworksBuildPhase section */

/* Begin PBXGroup section */
		4D9A517B2A2EA2EF00647958 = {
			isa = PBXGroup;
			children = (
				4D9A51862A2EA2EF00647958 /* fromA2B */,
				4D9A519B2A2EA2F000647958 /* fromA2BTests */,
				4D9A51A52A2EA2F000647958 /* fromA2BUITests */,
				4D9A51852A2EA2EF00647958 /* Products */,
			);
			sourceTree = "<group>";
		};
		4D9A51852A2EA2EF00647958 /* Products */ = {
			isa = PBXGroup;
			children = (
				4D9A51842A2EA2EF00647958 /* fromA2B.app */,
				4D9A51982A2EA2F000647958 /* fromA2BTests.xctest */,
				4D9A51A22A2EA2F000647958 /* fromA2BUITests.xctest */,
			);
			name = Products;
			sourceTree = "<group>";
		};
		4D9A51862A2EA2EF00647958 /* fromA2B */ = {
			isa = PBXGroup;
			children = (
				4D18955A2A6BB9C600F3570A /* AppModel.swift */,
				4D1895522A6BB95600F3570A /* TripSearchView.swift */,
				4D1895542A6BB96500F3570A /* StopSelectionView.swift */,
				4D1895562A6BB96D00F3570A /* TripResultsView.swift */,
				4D1895582A6BB97200F3570A /* TripDetailsView.swift */,
				4D9A51872A2EA2EF00647958 /* fromA2BApp.swift */,
				4D9A51892A2EA2EF00647958 /* ContentView.swift */,
				4D9A518B2A2EA2F000647958 /* Assets.xcassets */,
				4D9A51902A2EA2F000647958 /* Item.swift */,
				4D9A51922A2EA2F000647958 /* fromA2B.entitlements */,
				4D9A51932A2EA2F000647958 /* Info.plist */,
				4D9A518D2A2EA2F000647958 /* Preview Content */,
			);
			path = fromA2B;
			sourceTree = "<group>";
		};
		4D9A518D2A2EA2F000647958 /* Preview Content */ = {
			isa = PBXGroup;
			children = (
				4D9A518E2A2EA2F000647958 /* Preview Assets.xcassets */,
			);
			path = "Preview Content";
			sourceTree = "<group>";
		};
		4D9A519B2A2EA2F000647958 /* fromA2BTests */ = {
			isa = PBXGroup;
			children = (
				4D9A519C2A2EA2F000647958 /* fromA2BTests.swift */,
			);
			path = fromA2BTests;
			sourceTree = "<group>";
		};
		4D9A51A52A2EA2F000647958 /* fromA2BUITests */ = {
			isa = PBXGroup;
			children = (
				4D9A51A62A2EA2F000647958 /* fromA2BUITests.swift */,
				4D9A51A82A2EA2F000647958 /* fromA2BUITestsLaunchTests.swift */,
			);
			path = fromA2BUITests;
			sourceTree = "<group>";
		};
/* End PBXGroup section */

/* Begin PBXNativeTarget section */
		4D9A51832A2EA2EF00647958 /* fromA2B */ = {
			isa = PBXNativeTarget;
			buildConfigurationList = 4D9A51AC2A2EA2F000647958 /* Build configuration list for PBXNativeTarget "fromA2B" */;
			buildPhases = (
				4D9A51802A2EA2EF00647958 /* Sources */,
				4D9A51812A2EA2EF00647958 /* Frameworks */,
				4D9A51822A2EA2EF00647958 /* Resources */,
			);
			buildRules = (
			);
			dependencies = (
			);
			name = fromA2B;
			productName = fromA2B;
			productReference = 4D9A51842A2EA2EF00647958 /* fromA2B.app */;
			productType = "com.apple.product-type.application";
		};
		4D9A51972A2EA2F000647958 /* fromA2BTests */ = {
			isa = PBXNativeTarget;
			buildConfigurationList = 4D9A51AF2A2EA2F000647958 /* Build configuration list for PBXNativeTarget "fromA2BTests" */;
			buildPhases = (
				4D9A51942A2EA2F000647958 /* Sources */,
				4D9A51952A2EA2F000647958 /* Frameworks */,
				4D9A51962A2EA2F000647958 /* Resources */,
			);
			buildRules = (
			);
			dependencies = (
				4D9A519A2A2EA2F000647958 /* PBXTargetDependency */,
			);
			name = fromA2BTests;
			productName = fromA2BTests;
			productReference = 4D9A51982A2EA2F000647958 /* fromA2BTests.xctest */;
			productType = "com.apple.product-type.bundle.unit-test";
		};
		4D9A51A12A2EA2F000647958 /* fromA2BUITests */ = {
			isa = PBXNativeTarget;
			buildConfigurationList = 4D9A51B22A2EA2F000647958 /* Build configuration list for PBXNativeTarget "fromA2BUITests" */;
			buildPhases = (
				4D9A519E2A2EA2F000647958 /* Sources */,
				4D9A519F2A2EA2F000647958 /* Frameworks */,
				4D9A51A02A2EA2F000647958 /* Resources */,
			);
			buildRules = (
			);
			dependencies = (
				4D9A51A42A2EA2F000647958 /* PBXTargetDependency */,
			);
			name = fromA2BUITests;
			productName = fromA2BUITests;
			productReference = 4D9A51A22A2EA2F000647958 /* fromA2BUITests.xctest */;
			productType = "com.apple.product-type.bundle.ui-testing";
		};
/* End PBXNativeTarget section */

/* Begin PBXProject section */
		4D9A517C2A2EA2EF00647958 /* Project object */ = {
			isa = PBXProject;
			attributes = {
				BuildIndependentTargetsInParallel = 1;
				LastSwiftUpdateCheck = 1500;
				LastUpgradeCheck = 1500;
				TargetAttributes = {
					4D9A51832A2EA2EF00647958 = {
						CreatedOnToolsVersion = 15.0;
					};
					4D9A51972A2EA2F000647958 = {
						CreatedOnToolsVersion = 15.0;
						TestTargetID = 4D9A51832A2EA2EF00647958;
					};
					4D9A51A12A2EA2F000647958 = {
						CreatedOnToolsVersion = 15.0;
						TestTargetID = 4D9A51832A2EA2EF00647958;
					};
				};
			};
			buildConfigurationList = 4D9A517F2A2EA2EF00647958 /* Build configuration list for PBXProject "fromA2B" */;
			compatibilityVersion = "Xcode 14.0";
			developmentRegion = en;
			hasScannedForEncodings = 0;
			knownRegions = (
				en,
				Base,
			);
			mainGroup = 4D9A517B2A2EA2EF00647958;
			productRefGroup = 4D9A51852A2EA2EF00647958 /* Products */;
			projectDirPath = "";
			projectRoot = "";
			targets = (
				4D9A51832A2EA2EF00647958 /* fromA2B */,
				4D9A51972A2EA2F000647958 /* fromA2BTests */,
				4D9A51A12A2EA2F000647958 /* fromA2BUITests */,
			);
		};
/* End PBXProject section */

/* Begin PBXResourcesBuildPhase section */
		4D9A51822A2EA2EF00647958 /* Resources */ = {
			isa = PBXResourcesBuildPhase;
			buildActionMask = 2147483647;
			files = (
				4D9A518F2A2EA2F000647958 /* Preview Assets.xcassets in Resources */,
				4D9A518C2A2EA2F000647958 /* Assets.xcassets in Resources */,
			);
			runOnlyForDeploymentPostprocessing = 0;
		};
		4D9A51962A2EA2F000647958 /* Resources */ = {
			isa = PBXResourcesBuildPhase;
			buildActionMask = 2147483647;
			files = (
			);
			runOnlyForDeploymentPostprocessing = 0;
		};
		4D9A51A02A2EA2F000647958 /* Resources */ = {
			isa = PBXResourcesBuildPhase;
			buildActionMask = 2147483647;
			files = (
			);
			runOnlyForDeploymentPostprocessing = 0;
		};
/* End PBXResourcesBuildPhase section */

/* Begin PBXSourcesBuildPhase section */
		4D9A51802A2EA2EF00647958 /* Sources */ = {
			isa = PBXSourcesBuildPhase;
			buildActionMask = 2147483647;
			files = (
				4D9A518A2A2EA2EF00647958 /* ContentView.swift in Sources */,
				4D1895552A6BB96500F3570A /* StopSelectionView.swift in Sources */,
				4D9A51912A2EA2F000647958 /* Item.swift in Sources */,
				4D18955B2A6BB9C600F3570A /* AppModel.swift in Sources */,
				4D9A51882A2EA2EF00647958 /* fromA2BApp.swift in Sources */,
				4D1895572A6BB96D00F3570A /* TripResultsView.swift in Sources */,
				4D1895532A6BB95600F3570A /* TripSearchView.swift in Sources */,
				4D1895592A6BB97200F3570A /* TripDetailsView.swift in Sources */,
			);
			runOnlyForDeploymentPostprocessing = 0;
		};
		4D9A51942A2EA2F000647958 /* Sources */ = {
			isa = PBXSourcesBuildPhase;
			buildActionMask = 2147483647;
			files = (
				4D9A519D2A2EA2F000647958 /* fromA2BTests.swift in Sources */,
			);
			runOnlyForDeploymentPostprocessing = 0;
		};
		4D9A519E2A2EA2F000647958 /* Sources */ = {
			isa = PBXSourcesBuildPhase;
			buildActionMask = 2147483647;
			files = (
				4D9A51A92A2EA2F000647958 /* fromA2BUITestsLaunchTests.swift in Sources */,
				4D9A51A72A2EA2F000647958 /* fromA2BUITests.swift in Sources */,
			);
			runOnlyForDeploymentPostprocessing = 0;
		};
/* End PBXSourcesBuildPhase section */

/* Begin PBXTargetDependency section */
		4D9A519A2A2EA2F000647958 /* PBXTargetDependency */ = {
			isa = PBXTargetDependency;
			target = 4D9A51832A2EA2EF00647958 /* fromA2B */;
			targetProxy = 4D9A51992A2EA2F000647958 /* PBXContainerItemProxy */;
		};
		4D9A51A42A2EA2F000647958 /* PBXTargetDependency */ = {
			isa = PBXTargetDependency;
			target = 4D9A51832A2EA2EF00647958 /* fromA2B */;
			targetProxy = 4D9A51A32A2EA2F000647958 /* PBXContainerItemProxy */;
		};
/* End PBXTargetDependency section */

/* Begin XCBuildConfiguration section */
		4D9A51AA2A2EA2F000647958 /* Debug */ = {
			isa = XCBuildConfiguration;
			buildSettings = {
				ALWAYS_SEARCH_USER_PATHS = NO;
				ASSETCATALOG_COMPILER_GENERATE_SWIFT_ASSET_SYMBOL_EXTENSIONS = YES;
				CLANG_ANALYZER_NONNULL = YES;
				CLANG_ANALYZER_NUMBER_OBJECT_CONVERSION = YES_AGGRESSIVE;
				CLANG_CXX_LANGUAGE_STANDARD = "gnu++20";
				CLANG_ENABLE_MODULES = YES;
				CLANG_ENABLE_OBJC_ARC = YES;
				CLANG_ENABLE_OBJC_WEAK = YES;
				CLANG_WARN_BLOCK_CAPTURE_AUTORELEASING = YES;
				CLANG_WARN_BOOL_CONVERSION = YES;
				CLANG_WARN_COMMA = YES;
				CLANG_WARN_CONSTANT_CONVERSION = YES;
				CLANG_WARN_DEPRECATED_OBJC_IMPLEMENTATIONS = YES;
				CLANG_WARN_DIRECT_OBJC_ISA_USAGE = YES_ERROR;
				CLANG_WARN_DOCUMENTATION_COMMENTS = YES;
				CLANG_WARN_EMPTY_BODY = YES;
				CLANG_WARN_ENUM_CONVERSION = YES;
				CLANG_WARN_INFINITE_RECURSION = YES;
				CLANG_WARN_INT_CONVERSION = YES;
				CLANG_WARN_NON_LITERAL_NULL_CONVERSION = YES;
				CLANG_WARN_OBJC_IMPLICIT_RETAIN_SELF = YES;
				CLANG_WARN_OBJC_LITERAL_CONVERSION = YES;
				CLANG_WARN_OBJC_ROOT_CLASS = YES_ERROR;
				CLANG_WARN_QUOTED_INCLUDE_IN_FRAMEWORK_HEADER = YES;
				CLANG_WARN_RANGE_LOOP_ANALYSIS = YES;
				CLANG_WARN_STRICT_PROTOTYPES = YES;
				CLANG_WARN_SUSPICIOUS_MOVE = YES;
				CLANG_WARN_UNGUARDED_AVAILABILITY = YES_AGGRESSIVE;
				CLANG_WARN_UNREACHABLE_CODE = YES;
				CLANG_WARN__DUPLICATE_METHOD_MATCH = YES;
				COPY_PHASE_STRIP = NO;
				DEBUG_INFORMATION_FORMAT = dwarf;
				ENABLE_STRICT_OBJC_MSGSEND = YES;
				ENABLE_TESTABILITY = YES;
				ENABLE_USER_SCRIPT_SANDBOXING = YES;
				GCC_C_LANGUAGE_STANDARD = gnu17;
				GCC_DYNAMIC_NO_PIC = NO;
				GCC_NO_COMMON_BLOCKS = YES;
				GCC_OPTIMIZATION_LEVEL = 0;
				GCC_PREPROCESSOR_DEFINITIONS = (
					"DEBUG=1",
					"$(inherited)",
				);
				GCC_WARN_64_TO_32_BIT_CONVERSION = YES;
				GCC_WARN_ABOUT_RETURN_TYPE = YES_ERROR;
				GCC_WARN_UNDECLARED_SELECTOR = YES;
				GCC_WARN_UNINITIALIZED_AUTOS = YES_AGGRESSIVE;
				GCC_WARN_UNUSED_FUNCTION = YES;
				GCC_WARN_UNUSED_VARIABLE = YES;
				IPHONEOS_DEPLOYMENT_TARGET = 17.0;
				LOCALIZATION_PREFERS_STRING_CATALOGS = YES;
				MTL_ENABLE_DEBUG_INFO = INCLUDE_SOURCE;
				MTL_FAST_MATH = YES;
				ONLY_ACTIVE_ARCH = YES;
				SDKROOT = iphoneos;
				SWIFT_ACTIVE_COMPILATION_CONDITIONS = "DEBUG $(inherited)";
				SWIFT_OPTIMIZATION_LEVEL = "-Onone";
			};
			name = Debug;
		};
		4D9A51AB2A2EA2F000647958 /* Release */ = {
			isa = XCBuildConfiguration;
			buildSettings = {
				ALWAYS_SEARCH_USER_PATHS = NO;
				ASSETCATALOG_COMPILER_GENERATE_SWIFT_ASSET_SYMBOL_EXTENSIONS = YES;
				CLANG_ANALYZER_NONNULL = YES;
				CLANG_ANALYZER_NUMBER_OBJECT_CONVERSION = YES_AGGRESSIVE;
				CLANG_CXX_LANGUAGE_STANDARD = "gnu++20";
				CLANG_ENABLE_MODULES = YES;
				CLANG_ENABLE_OBJC_ARC = YES;
				CLANG_ENABLE_OBJC_WEAK = YES;
				CLANG_WARN_BLOCK_CAPTURE_AUTORELEASING = YES;
				CLANG_WARN_BOOL_CONVERSION = YES;
				CLANG_WARN_COMMA = YES;
				CLANG_WARN_CONSTANT_CONVERSION = YES;
				CLANG_WARN_DEPRECATED_OBJC_IMPLEMENTATIONS = YES;
				CLANG_WARN_DIRECT_OBJC_ISA_USAGE = YES_ERROR;
				CLANG_WARN_DOCUMENTATION_COMMENTS = YES;
				CLANG_WARN_EMPTY_BODY = YES;
				CLANG_WARN_ENUM_CONVERSION = YES;
				CLANG_WARN_INFINITE_RECURSION = YES;
				CLANG_WARN_INT_CONVERSION = YES;
				CLANG_WARN_NON_LITERAL_NULL_CONVERSION = YES;
				CLANG_WARN_OBJC_IMPLICIT_RETAIN_SELF = YES;
				CLANG_WARN_OBJC_LITERAL_CONVERSION = YES;
				CLANG_WARN_OBJC_ROOT_CLASS = YES_ERROR;
				CLANG_WARN_QUOTED_INCLUDE_IN_FRAMEWORK_HEADER = YES;
				CLANG_WARN_RANGE_LOOP_ANALYSIS = YES;
				CLANG_WARN_STRICT_PROTOTYPES = YES;
				CLANG_WARN_SUSPICIOUS_MOVE = YES;
				CLANG_WARN_UNGUARDED_AVAILABILITY = YES_AGGRESSIVE;
				CLANG_WARN_UNREACHABLE_CODE = YES;
				CLANG_WARN__DUPLICATE_METHOD_MATCH = YES;
				COPY_PHASE_STRIP = NO;
				DEBUG_INFORMATION_FORMAT = "dwarf-with-dsym";
				ENABLE_NS_ASSERTIONS = NO;
				ENABLE_STRICT_OBJC_MSGSEND = YES;
				ENABLE_USER_SCRIPT_SANDBOXING = YES;
				GCC_C_LANGUAGE_STANDARD = gnu17;
				GCC_NO_COMMON_BLOCKS = YES;
				GCC_WARN_64_TO_32_BIT_CONVERSION = YES;
				GCC_WARN_ABOUT_RETURN_TYPE = YES_ERROR;
				GCC_WARN_UNDECLARED_SELECTOR = YES;
				GCC_WARN_UNINITIALIZED_AUTOS = YES_AGGRESSIVE;
				GCC_WARN_UNUSED_FUNCTION = YES;
				GCC_WARN_UNUSED_VARIABLE = YES;
				IPHONEOS_DEPLOYMENT_TARGET = 17.0;
				LOCALIZATION_PREFERS_STRING_CATALOGS = YES;
				MTL_ENABLE_DEBUG_INFO = NO;
				MTL_FAST_MATH = YES;
				SDKROOT = iphoneos;
				SWIFT_COMPILATION_MODE = wholemodule;
				VALIDATE_PRODUCT = YES;
			};
			name = Release;
		};
		4D9A51AD2A2EA2F000647958 /* Debug */ = {
			isa = XCBuildConfiguration;
			buildSettings = {
				ASSETCATALOG_COMPILER_APPICON_NAME = AppIcon;
				ASSETCATALOG_COMPILER_GLOBAL_ACCENT_COLOR_NAME = AccentColor;
				CODE_SIGN_ENTITLEMENTS = fromA2B/fromA2B.entitlements;
				CODE_SIGN_STYLE = Automatic;
				CURRENT_PROJECT_VERSION = 1;
				DEVELOPMENT_ASSET_PATHS = "\"fromA2B/Preview Content\"";
				DEVELOPMENT_TEAM = Y8NX76ELDN;
				ENABLE_PREVIEWS = YES;
				GENERATE_INFOPLIST_FILE = YES;
				INFOPLIST_FILE = fromA2B/Info.plist;
				INFOPLIST_KEY_UIApplicationSceneManifest_Generation = YES;
				INFOPLIST_KEY_UIApplicationSupportsIndirectInputEvents = YES;
				INFOPLIST_KEY_UILaunchScreen_Generation = YES;
				INFOPLIST_KEY_UISupportedInterfaceOrientations_iPad = "UIInterfaceOrientationPortrait UIInterfaceOrientationPortraitUpsideDown UIInterfaceOrientationLandscapeLeft UIInterfaceOrientationLandscapeRight";
				INFOPLIST_KEY_UISupportedInterfaceOrientations_iPhone = "UIInterfaceOrientationPortrait UIInterfaceOrientationLandscapeLeft UIInterfaceOrientationLandscapeRight";
				LD_RUNPATH_SEARCH_PATHS = (
					"$(inherited)",
					"@executable_path/Frameworks",
				);
				MARKETING_VERSION = 1.0;
				PRODUCT_BUNDLE_IDENTIFIER = nu.sing2.fromA2B;
				PRODUCT_NAME = "$(TARGET_NAME)";
				SUPPORTED_PLATFORMS = "iphoneos iphonesimulator";
				SUPPORTS_MACCATALYST = NO;
				SUPPORTS_MAC_DESIGNED_FOR_IPHONE_IPAD = YES;
				SWIFT_EMIT_LOC_STRINGS = YES;
				SWIFT_VERSION = 5.0;
				TARGETED_DEVICE_FAMILY = "1,2";
			};
			name = Debug;
		};
		4D9A51AE2A2EA2F000647958 /* Release */ = {
			isa = XCBuildConfiguration;
			buildSettings = {
				ASSETCATALOG_COMPILER_APPICON_NAME = AppIcon;
				ASSETCATALOG_COMPILER_GLOBAL_ACCENT_COLOR_NAME = AccentColor;
				CODE_SIGN_ENTITLEMENTS = fromA2B/fromA2B.entitlements;
				CODE_SIGN_STYLE = Automatic;
				CURRENT_PROJECT_VERSION = 1;
				DEVELOPMENT_ASSET_PATHS = "\"fromA2B/Preview Content\"";
				DEVELOPMENT_TEAM = Y8NX76ELDN;
				ENABLE_PREVIEWS = YES;
				GENERATE_INFOPLIST_FILE = YES;
				INFOPLIST_FILE = fromA2B/Info.plist;
				INFOPLIST_KEY_UIApplicationSceneManifest_Generation = YES;
				INFOPLIST_KEY_UIApplicationSupportsIndirectInputEvents = YES;
				INFOPLIST_KEY_UILaunchScreen_Generation = YES;
				INFOPLIST_KEY_UISupportedInterfaceOrientations_iPad = "UIInterfaceOrientationPortrait UIInterfaceOrientationPortraitUpsideDown UIInterfaceOrientationLandscapeLeft UIInterfaceOrientationLandscapeRight";
				INFOPLIST_KEY_UISupportedInterfaceOrientations_iPhone = "UIInterfaceOrientationPortrait UIInterfaceOrientationLandscapeLeft UIInterfaceOrientationLandscapeRight";
				LD_RUNPATH_SEARCH_PATHS = (
					"$(inherited)",
					"@executable_path/Frameworks",
				);
				MARKETING_VERSION = 1.0;
				PRODUCT_BUNDLE_IDENTIFIER = nu.sing2.fromA2B;
				PRODUCT_NAME = "$(TARGET_NAME)";
				SUPPORTED_PLATFORMS = "iphoneos iphonesimulator";
				SUPPORTS_MACCATALYST = NO;
				SUPPORTS_MAC_DESIGNED_FOR_IPHONE_IPAD = YES;
				SWIFT_EMIT_LOC_STRINGS = YES;
				SWIFT_VERSION = 5.0;
				TARGETED_DEVICE_FAMILY = "1,2";
			};
			name = Release;
		};
		4D9A51B02A2EA2F000647958 /* Debug */ = {
			isa = XCBuildConfiguration;
			buildSettings = {
				ALWAYS_EMBED_SWIFT_STANDARD_LIBRARIES = YES;
				BUNDLE_LOADER = "$(TEST_HOST)";
				CODE_SIGN_STYLE = Automatic;
				CURRENT_PROJECT_VERSION = 1;
				DEVELOPMENT_TEAM = Y8NX76ELDN;
				GENERATE_INFOPLIST_FILE = YES;
				IPHONEOS_DEPLOYMENT_TARGET = 17.0;
				MARKETING_VERSION = 1.0;
				PRODUCT_BUNDLE_IDENTIFIER = nu.sing2.fromA2BTests;
				PRODUCT_NAME = "$(TARGET_NAME)";
				SWIFT_EMIT_LOC_STRINGS = NO;
				SWIFT_VERSION = 5.0;
				TARGETED_DEVICE_FAMILY = "1,2";
				TEST_HOST = "$(BUILT_PRODUCTS_DIR)/fromA2B.app/$(BUNDLE_EXECUTABLE_FOLDER_PATH)/fromA2B";
			};
			name = Debug;
		};
		4D9A51B12A2EA2F000647958 /* Release */ = {
			isa = XCBuildConfiguration;
			buildSettings = {
				ALWAYS_EMBED_SWIFT_STANDARD_LIBRARIES = YES;
				BUNDLE_LOADER = "$(TEST_HOST)";
				CODE_SIGN_STYLE = Automatic;
				CURRENT_PROJECT_VERSION = 1;
				DEVELOPMENT_TEAM = Y8NX76ELDN;
				GENERATE_INFOPLIST_FILE = YES;
				IPHONEOS_DEPLOYMENT_TARGET = 17.0;
				MARKETING_VERSION = 1.0;
				PRODUCT_BUNDLE_IDENTIFIER = nu.sing2.fromA2BTests;
				PRODUCT_NAME = "$(TARGET_NAME)";
				SWIFT_EMIT_LOC_STRINGS = NO;
				SWIFT_VERSION = 5.0;
				TARGETED_DEVICE_FAMILY = "1,2";
				TEST_HOST = "$(BUILT_PRODUCTS_DIR)/fromA2B.app/$(BUNDLE_EXECUTABLE_FOLDER_PATH)/fromA2B";
			};
			name = Release;
		};
		4D9A51B32A2EA2F000647958 /* Debug */ = {
			isa = XCBuildConfiguration;
			buildSettings = {
				ALWAYS_EMBED_SWIFT_STANDARD_LIBRARIES = YES;
				CODE_SIGN_STYLE = Automatic;
				CURRENT_PROJECT_VERSION = 1;
				DEVELOPMENT_TEAM = Y8NX76ELDN;
				GENERATE_INFOPLIST_FILE = YES;
				MARKETING_VERSION = 1.0;
				PRODUCT_BUNDLE_IDENTIFIER = nu.sing2.fromA2BUITests;
				PRODUCT_NAME = "$(TARGET_NAME)";
				SWIFT_EMIT_LOC_STRINGS = NO;
				SWIFT_VERSION = 5.0;
				TARGETED_DEVICE_FAMILY = "1,2";
				TEST_TARGET_NAME = fromA2B;
			};
			name = Debug;
		};
		4D9A51B42A2EA2F000647958 /* Release */ = {
			isa = XCBuildConfiguration;
			buildSettings = {
				ALWAYS_EMBED_SWIFT_STANDARD_LIBRARIES = YES;
				CODE_SIGN_STYLE = Automatic;
				CURRENT_PROJECT_VERSION = 1;
				DEVELOPMENT_TEAM = Y8NX76ELDN;
				GENERATE_INFOPLIST_FILE = YES;
				MARKETING_VERSION = 1.0;
				PRODUCT_BUNDLE_IDENTIFIER = nu.sing2.fromA2BUITests;
				PRODUCT_NAME = "$(TARGET_NAME)";
				SWIFT_EMIT_LOC_STRINGS = NO;
				SWIFT_VERSION = 5.0;
				TARGETED_DEVICE_FAMILY = "1,2";
				TEST_TARGET_NAME = fromA2B;
			};
			name = Release;
		};
/* End XCBuildConfiguration section */

/* Begin XCConfigurationList section */
		4D9A517F2A2EA2EF00647958 /* Build configuration list for PBXProject "fromA2B" */ = {
			isa = XCConfigurationList;
			buildConfigurations = (
				4D9A51AA2A2EA2F000647958 /* Debug */,
				4D9A51AB2A2EA2F000647958 /* Release */,
			);
			defaultConfigurationIsVisible = 0;
			defaultConfigurationName = Release;
		};
		4D9A51AC2A2EA2F000647958 /* Build configuration list for PBXNativeTarget "fromA2B" */ = {
			isa = XCConfigurationList;
			buildConfigurations = (
				4D9A51AD2A2EA2F000647958 /* Debug */,
				4D9A51AE2A2EA2F000647958 /* Release */,
			);
			defaultConfigurationIsVisible = 0;
			defaultConfigurationName = Release;
		};
		4D9A51AF2A2EA2F000647958 /* Build configuration list for PBXNativeTarget "fromA2BTests" */ = {
			isa = XCConfigurationList;
			buildConfigurations = (
				4D9A51B02A2EA2F000647958 /* Debug */,
				4D9A51B12A2EA2F000647958 /* Release */,
			);
			defaultConfigurationIsVisible = 0;
			defaultConfigurationName = Release;
		};
		4D9A51B22A2EA2F000647958 /* Build configuration list for PBXNativeTarget "fromA2BUITests" */ = {
			isa = XCConfigurationList;
			buildConfigurations = (
				4D9A51B32A2EA2F000647958 /* Debug */,
				4D9A51B42A2EA2F000647958 /* Release */,
			);
			defaultConfigurationIsVisible = 0;
			defaultConfigurationName = Release;
		};
/* End XCConfigurationList section */
	};
	rootObject = 4D9A517C2A2EA2EF00647958 /* Project object */;
}
