{
  "pins" : [
    {
      "identity" : "keychain-swift",
      "kind" : "remoteSourceControl",
      "location" : "https://github.com/evgenyneu/keychain-swift",
      "state" : {
        "revision" : "d108a1fa6189e661f91560548ef48651ed8d93b9",
        "version" : "20.0.0"
      }
    },
    {
      "identity" : "viewinspector",
      "kind" : "remoteSourceControl",
      "location" : "https://github.com/nalexn/ViewInspector",
      "state" : {
        "revision" : "f8a994374b9eff1d92046f3d759654f527495045",
        "version" : "0.9.7"
      }
    }
  ],
  "version" : 2
}
